// !$*UTF8*$!
{
	archiveVersion = 1;
	classes = {
	};
	objectVersion = 60;
	objects = {

/* Begin PBXBuildFile section */
		A20E16022C1F5C3300AF9DA4 /* QuranWidgetBundle.swift in Sources */ = {isa = PBXBuildFile; fileRef = A20E16012C1F5C3300AF9DA4 /* QuranWidgetBundle.swift */; };
		A20E16042C1F5C3300AF9DA4 /* PrayerTimesWidget.swift in Sources */ = {isa = PBXBuildFile; fileRef = A20E16032C1F5C3300AF9DA4 /* PrayerTimesWidget.swift */; };
		A20E16062C1F5C3500AF9DA4 /* Assets.xcassets in Resources */ = {isa = PBXBuildFile; fileRef = A20E16052C1F5C3500AF9DA4 /* Assets.xcassets */; };
		A20E160F2C1F5FC200AF9DA4 /* PrayerTimesModel.swift in Sources */ = {isa = PBXBuildFile; fileRef = A2E4E3C02C1DF174007D28A4 /* PrayerTimesModel.swift */; };
		A210DA092C8496220033701C /* NextPrayerView.swift in Sources */ = {isa = PBXBuildFile; fileRef = A210DA082C8496220033701C /* NextPrayerView.swift */; };
		A210DA592C850A160033701C /* QuranWidgetExtension.appex in Embed Foundation Extensions */ = {isa = PBXBuildFile; fileRef = A20E15FA2C1F5C3300AF9DA4 /* QuranWidgetExtension.appex */; settings = {ATTRIBUTES = (RemoveHeadersOnCopy, ); }; };
		A210DA5D2C8529A90033701C /* SwiftUI.framework in Frameworks */ = {isa = PBXBuildFile; fileRef = A20E15FE2C1F5C3300AF9DA4 /* SwiftUI.framework */; };
		A210DA602C8529AB0033701C /* WidgetKit.framework in Frameworks */ = {isa = PBXBuildFile; fileRef = A20E15FC2C1F5C3300AF9DA4 /* WidgetKit.framework */; };
		A210DA632C852C100033701C /* IbadatView.swift in Sources */ = {isa = PBXBuildFile; fileRef = A210DA622C852C100033701C /* IbadatView.swift */; };
		A210DA652C852C7E0033701C /* Ibadah.swift in Sources */ = {isa = PBXBuildFile; fileRef = A210DA642C852C7E0033701C /* Ibadah.swift */; };
		A210DA682C855D1F0033701C /* ReauthenticateView.swift in Sources */ = {isa = PBXBuildFile; fileRef = A210DA672C855D1F0033701C /* ReauthenticateView.swift */; };
		A210DA6A2C8565800033701C /* UpdateEmailView.swift in Sources */ = {isa = PBXBuildFile; fileRef = A210DA692C8565800033701C /* UpdateEmailView.swift */; };
		A210DA6C2C85666A0033701C /* UpdatePasswordView.swift in Sources */ = {isa = PBXBuildFile; fileRef = A210DA6B2C85666A0033701C /* UpdatePasswordView.swift */; };
		A210DA6E2C8566710033701C /* DeleteAccountView.swift in Sources */ = {isa = PBXBuildFile; fileRef = A210DA6D2C8566710033701C /* DeleteAccountView.swift */; };
		A214A7122C34BB03000D12A5 /* QuestionDetailView.swift in Sources */ = {isa = PBXBuildFile; fileRef = A214A7112C34BB03000D12A5 /* QuestionDetailView.swift */; };
		A220AC962C49D6C30052F245 /* Ziaraah.json in Resources */ = {isa = PBXBuildFile; fileRef = A220AC952C49D6C30052F245 /* Ziaraah.json */; };
		A220AC982C49D6FF0052F245 /* ZiyaratModel.swift in Sources */ = {isa = PBXBuildFile; fileRef = A220AC972C49D6FF0052F245 /* ZiyaratModel.swift */; };
		A220AC9A2C49D7100052F245 /* Ziyarat.swift in Sources */ = {isa = PBXBuildFile; fileRef = A220AC992C49D7100052F245 /* Ziyarat.swift */; };
		A220ACA02C49D9110052F245 /* ZiyaratView.swift in Sources */ = {isa = PBXBuildFile; fileRef = A220AC9F2C49D9110052F245 /* ZiyaratView.swift */; };
		A2274B462C52A76B003537EA /* SearchBar.swift in Sources */ = {isa = PBXBuildFile; fileRef = A2274B452C52A76B003537EA /* SearchBar.swift */; };
		A227E7A02CC8342800275DA9 /* SwiftSMTP in Frameworks */ = {isa = PBXBuildFile; productRef = A227E79F2CC8342800275DA9 /* SwiftSMTP */; };
		A227E7A32CC8345200275DA9 /* FirebaseAuth in Frameworks */ = {isa = PBXBuildFile; productRef = A227E7A22CC8345200275DA9 /* FirebaseAuth */; };
		A227E7A52CC8345200275DA9 /* FirebaseFirestore in Frameworks */ = {isa = PBXBuildFile; productRef = A227E7A42CC8345200275DA9 /* FirebaseFirestore */; };
		A227E7A72CC8345200275DA9 /* FirebaseStorage in Frameworks */ = {isa = PBXBuildFile; productRef = A227E7A62CC8345200275DA9 /* FirebaseStorage */; };
		A227E7A92CC8345C00275DA9 /* FirebaseAuth in Frameworks */ = {isa = PBXBuildFile; productRef = A227E7A82CC8345C00275DA9 /* FirebaseAuth */; };
		A227E7AC2CC8346500275DA9 /* ExyteMediaPicker in Frameworks */ = {isa = PBXBuildFile; productRef = A227E7AB2CC8346500275DA9 /* ExyteMediaPicker */; };
		A227E7AF2CC8346F00275DA9 /* WStack in Frameworks */ = {isa = PBXBuildFile; productRef = A227E7AE2CC8346F00275DA9 /* WStack */; };
		A227E7B22CC8349700275DA9 /* Stripe in Frameworks */ = {isa = PBXBuildFile; productRef = A227E7B12CC8349700275DA9 /* Stripe */; };
		A227E7B42CC8349700275DA9 /* StripeCardScan in Frameworks */ = {isa = PBXBuildFile; productRef = A227E7B32CC8349700275DA9 /* StripeCardScan */; };
		A227E7B62CC8349700275DA9 /* StripePaymentSheet in Frameworks */ = {isa = PBXBuildFile; productRef = A227E7B52CC8349700275DA9 /* StripePaymentSheet */; };
		A227E7B92CC834A200275DA9 /* iCalendarParser in Frameworks */ = {isa = PBXBuildFile; productRef = A227E7B82CC834A200275DA9 /* iCalendarParser */; };
		A227E7BC2CC834AF00275DA9 /* SDWebImageSwiftUI in Frameworks */ = {isa = PBXBuildFile; productRef = A227E7BB2CC834AF00275DA9 /* SDWebImageSwiftUI */; };
		A227E7BF2CC834BF00275DA9 /* SwiftyCrop in Frameworks */ = {isa = PBXBuildFile; productRef = A227E7BE2CC834BF00275DA9 /* SwiftyCrop */; };
		A227E7C22CC834CE00275DA9 /* SwiftSoup in Frameworks */ = {isa = PBXBuildFile; productRef = A227E7C12CC834CE00275DA9 /* SwiftSoup */; };
		A227E7C52CC834E600275DA9 /* Alamofire in Frameworks */ = {isa = PBXBuildFile; productRef = A227E7C42CC834E600275DA9 /* Alamofire */; };
		A227E7C72CC834ED00275DA9 /* Alamofire in Frameworks */ = {isa = PBXBuildFile; productRef = A227E7C62CC834ED00275DA9 /* Alamofire */; };
		A227E7C92CC834F300275DA9 /* SwiftSoup in Frameworks */ = {isa = PBXBuildFile; productRef = A227E7C82CC834F300275DA9 /* SwiftSoup */; };
		A230CE5F2C1C8F32002DC576 /* QuranView.swift in Sources */ = {isa = PBXBuildFile; fileRef = A230CE5E2C1C8F32002DC576 /* QuranView.swift */; };
		A231ACE92C4322ED00DA54F2 /* (null) in Resources */ = {isa = PBXBuildFile; };
		A232714A2CC4233C006AFD44 /* QuranTimeView.swift in Sources */ = {isa = PBXBuildFile; fileRef = A23271492CC4233C006AFD44 /* QuranTimeView.swift */; };
		A232714E2CC554CD006AFD44 /* WeeklyView.swift in Sources */ = {isa = PBXBuildFile; fileRef = A232714D2CC554CD006AFD44 /* WeeklyView.swift */; };
		A23271502CC554D6006AFD44 /* LifetimeView.swift in Sources */ = {isa = PBXBuildFile; fileRef = A232714F2CC554D6006AFD44 /* LifetimeView.swift */; };
		A23271532CC59096006AFD44 /* QuranTimeWidget.swift in Sources */ = {isa = PBXBuildFile; fileRef = A23271522CC59096006AFD44 /* QuranTimeWidget.swift */; };
		A23271562CC59964006AFD44 /* Persistence.swift in Sources */ = {isa = PBXBuildFile; fileRef = A2FD25B92C1EEB9A003785CF /* Persistence.swift */; };
		A23271582CC59C18006AFD44 /* QuranApp.xcdatamodeld in Sources */ = {isa = PBXBuildFile; fileRef = A2FD25BC2C1EEBF9003785CF /* QuranApp.xcdatamodeld */; };
		A23271672CC5D786006AFD44 /* GoogleService-Info.plist in Resources */ = {isa = PBXBuildFile; fileRef = A2C781552C3168CC007DAFD3 /* GoogleService-Info.plist */; };
		A2358C512C5019C0008D6BFA /* SocialsView.swift in Sources */ = {isa = PBXBuildFile; fileRef = A2358C502C5019C0008D6BFA /* SocialsView.swift */; };
		A23C6B8B2C35A88800F67DDA /* QuestionCard.swift in Sources */ = {isa = PBXBuildFile; fileRef = A23C6B8A2C35A88800F67DDA /* QuestionCard.swift */; };
		A23C6B8D2C35ABEB00F67DDA /* UserProfileSection.swift in Sources */ = {isa = PBXBuildFile; fileRef = A23C6B8C2C35ABEB00F67DDA /* UserProfileSection.swift */; };
		A23E2AE82C51AFDD008C84E7 /* ImportantDate.swift in Sources */ = {isa = PBXBuildFile; fileRef = A23E2AE72C51AFDD008C84E7 /* ImportantDate.swift */; };
		A2522F452C8346430020850E /* LocationManager.swift in Sources */ = {isa = PBXBuildFile; fileRef = A2522F442C8346430020850E /* LocationManager.swift */; };
		A2522F472C8346770020850E /* QiblaFinder.swift in Sources */ = {isa = PBXBuildFile; fileRef = A2522F462C8346770020850E /* QiblaFinder.swift */; };
		A2522F492C834BDE0020850E /* TasbeehView.swift in Sources */ = {isa = PBXBuildFile; fileRef = A2522F482C834BDE0020850E /* TasbeehView.swift */; };
		A25515042C4BFB1000554784 /* CalendarView.swift in Sources */ = {isa = PBXBuildFile; fileRef = A25515032C4BFB1000554784 /* CalendarView.swift */; };
		A25515072C4C28C500554784 /* Jummah.mp3 in Resources */ = {isa = PBXBuildFile; fileRef = A25515062C4C28C500554784 /* Jummah.mp3 */; };
		A266AC592C3357C20058156B /* NewQuestionView.swift in Sources */ = {isa = PBXBuildFile; fileRef = A266AC582C3357C20058156B /* NewQuestionView.swift */; };
		A266AC5B2C335E590058156B /* QuestionsModel.swift in Sources */ = {isa = PBXBuildFile; fileRef = A266AC5A2C335E590058156B /* QuestionsModel.swift */; };
		A266AC5D2C335EBE0058156B /* Question.swift in Sources */ = {isa = PBXBuildFile; fileRef = A266AC5C2C335EBE0058156B /* Question.swift */; };
		A266AC5F2C335FFC0058156B /* QuestionsView.swift in Sources */ = {isa = PBXBuildFile; fileRef = A266AC5E2C335FFC0058156B /* QuestionsView.swift */; };
		A26A351B2C1DF96700C60561 /* PrayerTimesView.swift in Sources */ = {isa = PBXBuildFile; fileRef = A26A351A2C1DF96700C60561 /* PrayerTimesView.swift */; };
		A26C56952C8143AD00A5D262 /* Safar.mp3 in Resources */ = {isa = PBXBuildFile; fileRef = A26C56942C8143AD00A5D262 /* Safar.mp3 */; };
		A2744C1E2C4ACA0500411882 /* EventsView.swift in Sources */ = {isa = PBXBuildFile; fileRef = A2744C1B2C4ACA0500411882 /* EventsView.swift */; };
		A2744C1F2C4ACA0500411882 /* EventView.swift in Sources */ = {isa = PBXBuildFile; fileRef = A2744C1C2C4ACA0500411882 /* EventView.swift */; };
		A27818CA2C50836D00A80D53 /* ImportantDates.json in Resources */ = {isa = PBXBuildFile; fileRef = A27818C92C50836D00A80D53 /* ImportantDates.json */; };
		A27D1D0F2C4D7840007E6F59 /* Allahumma Kunle.mp3 in Resources */ = {isa = PBXBuildFile; fileRef = A27D1D0E2C4D7840007E6F59 /* Allahumma Kunle.mp3 */; };
		A2849E442C4E7FC2005C2B00 /* CalendarModel.swift in Sources */ = {isa = PBXBuildFile; fileRef = A2849E432C4E7FC2005C2B00 /* CalendarModel.swift */; };
		A289AA642C4AC6850051C8CC /* PaymentModel.swift in Sources */ = {isa = PBXBuildFile; fileRef = A289AA632C4AC6850051C8CC /* PaymentModel.swift */; };
		A2975CEE2C1CBDAC005FA616 /* Duas.json in Resources */ = {isa = PBXBuildFile; fileRef = A2975CED2C1CBDAC005FA616 /* Duas.json */; };
		A2975CF02C1CC414005FA616 /* Dua.swift in Sources */ = {isa = PBXBuildFile; fileRef = A2975CEF2C1CC414005FA616 /* Dua.swift */; };
		A2975CF42C1CC4AF005FA616 /* DuaView.swift in Sources */ = {isa = PBXBuildFile; fileRef = A2975CF32C1CC4AF005FA616 /* DuaView.swift */; };
		A2975CF82C1CC898005FA616 /* RootView.swift in Sources */ = {isa = PBXBuildFile; fileRef = A2975CF72C1CC898005FA616 /* RootView.swift */; };
		A2989FC72CC32BDB000B6321 /* KFGQPC-Uthmanic-Script-HAFS-Regular.otf in Resources */ = {isa = PBXBuildFile; fileRef = A2989FC62CC32BDB000B6321 /* KFGQPC-Uthmanic-Script-HAFS-Regular.otf */; };
		A2A9C86F2C49290000F114FD /* DuaModel.swift in Sources */ = {isa = PBXBuildFile; fileRef = A2A9C86E2C49290000F114FD /* DuaModel.swift */; };
		A2A9C8712C49291A00F114FD /* EventsModel.swift in Sources */ = {isa = PBXBuildFile; fileRef = A2A9C8702C49291A00F114FD /* EventsModel.swift */; };
		A2A9C8762C492CF200F114FD /* Reciter.swift in Sources */ = {isa = PBXBuildFile; fileRef = A2A9C8742C492CF200F114FD /* Reciter.swift */; };
		A2A9C8772C492CF200F114FD /* Translator.swift in Sources */ = {isa = PBXBuildFile; fileRef = A2A9C8752C492CF200F114FD /* Translator.swift */; };
		A2A9C87C2C492E9800F114FD /* AudioPlayer.swift in Sources */ = {isa = PBXBuildFile; fileRef = A2A9C87B2C492E9800F114FD /* AudioPlayer.swift */; };
		A2A9C87E2C492F3100F114FD /* Reciters.json in Resources */ = {isa = PBXBuildFile; fileRef = A2A9C87D2C492F3100F114FD /* Reciters.json */; };
		A2A9C8802C49301800F114FD /* Translators.json in Resources */ = {isa = PBXBuildFile; fileRef = A2A9C87F2C49301800F114FD /* Translators.json */; };
		A2A9C8872C49311700F114FD /* Asr.mp3 in Resources */ = {isa = PBXBuildFile; fileRef = A2A9C8812C49311700F114FD /* Asr.mp3 */; };
		A2A9C8882C49311700F114FD /* Fajr.mp3 in Resources */ = {isa = PBXBuildFile; fileRef = A2A9C8822C49311700F114FD /* Fajr.mp3 */; };
		A2A9C8892C49311700F114FD /* Maghrib.mp3 in Resources */ = {isa = PBXBuildFile; fileRef = A2A9C8852C49311700F114FD /* Maghrib.mp3 */; };
		A2A9C88A2C49311700F114FD /* Zuhr.mp3 in Resources */ = {isa = PBXBuildFile; fileRef = A2A9C8862C49311700F114FD /* Zuhr.mp3 */; };
		A2A9C88B2C49311700F114FD /* Isha.mp3 in Resources */ = {isa = PBXBuildFile; fileRef = A2A9C8832C49311700F114FD /* Isha.mp3 */; };
		A2A9C88C2C49311700F114FD /* LICENSE in Resources */ = {isa = PBXBuildFile; fileRef = A2A9C8842C49311700F114FD /* LICENSE */; };
		A2C273D92C4AA9E700815AC8 /* DonationsView.swift in Sources */ = {isa = PBXBuildFile; fileRef = A2C273D82C4AA9E700815AC8 /* DonationsView.swift */; };
		A2C497F42CC69CD200932178 /* StreakInfo.swift in Sources */ = {isa = PBXBuildFile; fileRef = A2C497F32CC69CD200932178 /* StreakInfo.swift */; };
		A2C497F62CC69E4200932178 /* StreakWidget.swift in Sources */ = {isa = PBXBuildFile; fileRef = A2C497F52CC69E4200932178 /* StreakWidget.swift */; };
		A2C497FA2CC6B1DB00932178 /* UserDefaults.swift in Sources */ = {isa = PBXBuildFile; fileRef = A2C497F92CC6B1DB00932178 /* UserDefaults.swift */; };
		A2C497FB2CC6B21500932178 /* UserDefaults.swift in Sources */ = {isa = PBXBuildFile; fileRef = A2C497F92CC6B1DB00932178 /* UserDefaults.swift */; };
		A2C497FE2CC6DCD200932178 /* StreakView.swift in Sources */ = {isa = PBXBuildFile; fileRef = A2C497FD2CC6DCD200932178 /* StreakView.swift */; };
		A2C6EEC52C90F598006F615E /* TestView.swift in Sources */ = {isa = PBXBuildFile; fileRef = A2C6EEC42C90F598006F615E /* TestView.swift */; };
		A2C6EEC72C90F8A7006F615E /* TestQuestionView.swift in Sources */ = {isa = PBXBuildFile; fileRef = A2C6EEC62C90F8A7006F615E /* TestQuestionView.swift */; };
		A2C706AD2C4F036A008FF0C3 /* BookmarkedVerseCard.swift in Sources */ = {isa = PBXBuildFile; fileRef = A2C706AA2C4F036A008FF0C3 /* BookmarkedVerseCard.swift */; };
		A2C706AE2C4F036A008FF0C3 /* BookmarkedFoldersView.swift in Sources */ = {isa = PBXBuildFile; fileRef = A2C706A92C4F036A008FF0C3 /* BookmarkedFoldersView.swift */; };
		A2C706AF2C4F036A008FF0C3 /* BookmarkedVersesView.swift in Sources */ = {isa = PBXBuildFile; fileRef = A2C706AB2C4F036A008FF0C3 /* BookmarkedVersesView.swift */; };
		A2C706B22C4F13C8008FF0C3 /* FavoritesView.swift in Sources */ = {isa = PBXBuildFile; fileRef = A2C706B12C4F13C8008FF0C3 /* FavoritesView.swift */; };
		A2C74A442C4B5F5F00D353FC /* AmaalView.swift in Sources */ = {isa = PBXBuildFile; fileRef = A2C74A432C4B5F5F00D353FC /* AmaalView.swift */; };
		A2C74A482C4B68EB00D353FC /* Amaals.json in Resources */ = {isa = PBXBuildFile; fileRef = A2C74A472C4B68EB00D353FC /* Amaals.json */; };
		A2C74A4A2C4B692100D353FC /* Amaal.swift in Sources */ = {isa = PBXBuildFile; fileRef = A2C74A492C4B692100D353FC /* Amaal.swift */; };
		A2C74A4C2C4B693D00D353FC /* AmaalModel.swift in Sources */ = {isa = PBXBuildFile; fileRef = A2C74A4B2C4B693D00D353FC /* AmaalModel.swift */; };
		A2C781562C3168CC007DAFD3 /* GoogleService-Info.plist in Resources */ = {isa = PBXBuildFile; fileRef = A2C781552C3168CC007DAFD3 /* GoogleService-Info.plist */; };
		A2C781612C316A6D007DAFD3 /* AuthenticationModel.swift in Sources */ = {isa = PBXBuildFile; fileRef = A2C781602C316A6D007DAFD3 /* AuthenticationModel.swift */; };
		A2C781642C316F2B007DAFD3 /* SettingsView.swift in Sources */ = {isa = PBXBuildFile; fileRef = A2C781632C316F2B007DAFD3 /* SettingsView.swift */; };
		A2CEA4DF2C385F4D00D59BF8 /* AddBookmarkView.swift in Sources */ = {isa = PBXBuildFile; fileRef = A2CEA4DE2C385F4D00D59BF8 /* AddBookmarkView.swift */; };
		A2CEA4E32C39A39100D59BF8 /* NotificationManager.swift in Sources */ = {isa = PBXBuildFile; fileRef = A2CEA4E22C39A39100D59BF8 /* NotificationManager.swift */; };
		A2CEA4E62C3A08D900D59BF8 /* AppDelegate.swift in Sources */ = {isa = PBXBuildFile; fileRef = A2CEA4E52C3A08D900D59BF8 /* AppDelegate.swift */; };
		A2CEA4E82C3B174600D59BF8 /* Adhan.wav in Resources */ = {isa = PBXBuildFile; fileRef = A2CEA4E72C3B174600D59BF8 /* Adhan.wav */; };
		A2D17CA32C92194900A2AF23 /* NewAssignmentView.swift in Sources */ = {isa = PBXBuildFile; fileRef = A2D17CA22C92194900A2AF23 /* NewAssignmentView.swift */; };
		A2D43E532C190A0900C3F21F /* QuranApp.swift in Sources */ = {isa = PBXBuildFile; fileRef = A2D43E522C190A0900C3F21F /* QuranApp.swift */; };
		A2D43E552C190A0900C3F21F /* SurahView.swift in Sources */ = {isa = PBXBuildFile; fileRef = A2D43E542C190A0900C3F21F /* SurahView.swift */; };
		A2D43E572C190A0A00C3F21F /* Assets.xcassets in Resources */ = {isa = PBXBuildFile; fileRef = A2D43E562C190A0A00C3F21F /* Assets.xcassets */; };
		A2D43E5A2C190A0A00C3F21F /* Preview Assets.xcassets in Resources */ = {isa = PBXBuildFile; fileRef = A2D43E592C190A0A00C3F21F /* Preview Assets.xcassets */; };
		A2D43E632C190A8F00C3F21F /* Quran.swift in Sources */ = {isa = PBXBuildFile; fileRef = A2D43E622C190A8F00C3F21F /* Quran.swift */; };
		A2D43E652C190AF200C3F21F /* QuranModel.swift in Sources */ = {isa = PBXBuildFile; fileRef = A2D43E642C190AF200C3F21F /* QuranModel.swift */; };
		A2DC615D2C1A650400E73390 /* Quran.json in Resources */ = {isa = PBXBuildFile; fileRef = A2DC615C2C1A650400E73390 /* Quran.json */; };
		A2E4E3C12C1DF174007D28A4 /* PrayerTimesModel.swift in Sources */ = {isa = PBXBuildFile; fileRef = A2E4E3C02C1DF174007D28A4 /* PrayerTimesModel.swift */; };
		A2E555FB2CD11E9800A9F4FC /* WidgetKit.framework in Frameworks */ = {isa = PBXBuildFile; fileRef = A20E15FC2C1F5C3300AF9DA4 /* WidgetKit.framework */; };
		A2E555FC2CD11E9800A9F4FC /* SwiftUI.framework in Frameworks */ = {isa = PBXBuildFile; fileRef = A20E15FE2C1F5C3300AF9DA4 /* SwiftUI.framework */; };
		A2E555FF2CD11E9A00A9F4FC /* QuranTimerWidgetLiveActivity.swift in Sources */ = {isa = PBXBuildFile; fileRef = A2E555FE2CD11E9A00A9F4FC /* QuranTimerWidgetLiveActivity.swift */; };
		A2E556012CD11E9A00A9F4FC /* QuranTimerWidgetBundle.swift in Sources */ = {isa = PBXBuildFile; fileRef = A2E556002CD11E9A00A9F4FC /* QuranTimerWidgetBundle.swift */; };
		A2E556052CD11E9C00A9F4FC /* Assets.xcassets in Resources */ = {isa = PBXBuildFile; fileRef = A2E556042CD11E9C00A9F4FC /* Assets.xcassets */; };
		A2E556092CD11E9C00A9F4FC /* QuranTimerWidgetExtension.appex in Embed Foundation Extensions */ = {isa = PBXBuildFile; fileRef = A2E555FA2CD11E9800A9F4FC /* QuranTimerWidgetExtension.appex */; settings = {ATTRIBUTES = (RemoveHeadersOnCopy, ); }; };
		A2E5560E2CD11F1E00A9F4FC /* QuranTimerAttributes.swift in Sources */ = {isa = PBXBuildFile; fileRef = A2E5560D2CD11F1E00A9F4FC /* QuranTimerAttributes.swift */; };
		A2E5560F2CD11F1E00A9F4FC /* QuranTimerAttributes.swift in Sources */ = {isa = PBXBuildFile; fileRef = A2E5560D2CD11F1E00A9F4FC /* QuranTimerAttributes.swift */; };
		A2E556102CD1203800A9F4FC /* UserDefaults.swift in Sources */ = {isa = PBXBuildFile; fileRef = A2C497F92CC6B1DB00932178 /* UserDefaults.swift */; };
		A2ED6C562C86CD11002183EC /* EmailCodeView.swift in Sources */ = {isa = PBXBuildFile; fileRef = A2ED6C552C86CD11002183EC /* EmailCodeView.swift */; };
		A2ED6C592C87E6F9002183EC /* MadrassahView.swift in Sources */ = {isa = PBXBuildFile; fileRef = A2ED6C582C87E6F9002183EC /* MadrassahView.swift */; };
		A2ED6C5B2C8892AD002183EC /* MadrassahModel.swift in Sources */ = {isa = PBXBuildFile; fileRef = A2ED6C5A2C8892AD002183EC /* MadrassahModel.swift */; };
		A2ED6C5D2C8892C5002183EC /* Madrassah.swift in Sources */ = {isa = PBXBuildFile; fileRef = A2ED6C5C2C8892C5002183EC /* Madrassah.swift */; };
		A2ED6C5F2C88A1C0002183EC /* LinkMadrassahAccountView.swift in Sources */ = {isa = PBXBuildFile; fileRef = A2ED6C5E2C88A1C0002183EC /* LinkMadrassahAccountView.swift */; };
		A2ED6C612C88B077002183EC /* AddClassView.swift in Sources */ = {isa = PBXBuildFile; fileRef = A2ED6C602C88B077002183EC /* AddClassView.swift */; };
		A2ED6C632C88C5F0002183EC /* ClassView.swift in Sources */ = {isa = PBXBuildFile; fileRef = A2ED6C622C88C5F0002183EC /* ClassView.swift */; };
		A2ED6C662C88EF58002183EC /* DiscussionView.swift in Sources */ = {isa = PBXBuildFile; fileRef = A2ED6C652C88EF58002183EC /* DiscussionView.swift */; };
		A2ED6C682C88EF62002183EC /* AssignmentsView.swift in Sources */ = {isa = PBXBuildFile; fileRef = A2ED6C672C88EF62002183EC /* AssignmentsView.swift */; };
		A2ED6C6A2C88EF6B002183EC /* ResourcesView.swift in Sources */ = {isa = PBXBuildFile; fileRef = A2ED6C692C88EF6B002183EC /* ResourcesView.swift */; };
		A2ED6C6E2C88F343002183EC /* DiscussionModel.swift in Sources */ = {isa = PBXBuildFile; fileRef = A2ED6C6D2C88F343002183EC /* DiscussionModel.swift */; };
		A2ED6C702C88F35B002183EC /* AssignmentsModel.swift in Sources */ = {isa = PBXBuildFile; fileRef = A2ED6C6F2C88F35B002183EC /* AssignmentsModel.swift */; };
		A2ED6C722C88F370002183EC /* ResourcesModel.swift in Sources */ = {isa = PBXBuildFile; fileRef = A2ED6C712C88F370002183EC /* ResourcesModel.swift */; };
		A2ED6C752C88F38E002183EC /* Discussion.swift in Sources */ = {isa = PBXBuildFile; fileRef = A2ED6C742C88F38E002183EC /* Discussion.swift */; };
		A2ED6C772C88F3A4002183EC /* Assignment.swift in Sources */ = {isa = PBXBuildFile; fileRef = A2ED6C762C88F3A4002183EC /* Assignment.swift */; };
		A2ED6C792C88F3CE002183EC /* Resource.swift in Sources */ = {isa = PBXBuildFile; fileRef = A2ED6C782C88F3CE002183EC /* Resource.swift */; };
		A2ED6C7B2C8BB48D002183EC /* FilePreviewController.swift in Sources */ = {isa = PBXBuildFile; fileRef = A2ED6C7A2C8BB48D002183EC /* FilePreviewController.swift */; };
		A2ED6C7D2C8CB74E002183EC /* ImagePicker.swift in Sources */ = {isa = PBXBuildFile; fileRef = A2ED6C7C2C8CB74E002183EC /* ImagePicker.swift */; };
		A2ED6C802C8DCFF6002183EC /* ProfileDetailView.swift in Sources */ = {isa = PBXBuildFile; fileRef = A2ED6C7F2C8DCFF6002183EC /* ProfileDetailView.swift */; };
		A2ED6C842C8E4C6D002183EC /* AssignmentView.swift in Sources */ = {isa = PBXBuildFile; fileRef = A2ED6C832C8E4C6D002183EC /* AssignmentView.swift */; };
		A2FD25BA2C1EEB9A003785CF /* Persistence.swift in Sources */ = {isa = PBXBuildFile; fileRef = A2FD25B92C1EEB9A003785CF /* Persistence.swift */; };
		A2FD25BE2C1EEBF9003785CF /* QuranApp.xcdatamodeld in Sources */ = {isa = PBXBuildFile; fileRef = A2FD25BC2C1EEBF9003785CF /* QuranApp.xcdatamodeld */; };
/* End PBXBuildFile section */

/* Begin PBXContainerItemProxy section */
		A210DA5A2C850A160033701C /* PBXContainerItemProxy */ = {
			isa = PBXContainerItemProxy;
			containerPortal = A2D43E472C190A0900C3F21F /* Project object */;
			proxyType = 1;
			remoteGlobalIDString = A20E15F92C1F5C3300AF9DA4;
			remoteInfo = QuranWidgetExtension;
		};
		A2E556072CD11E9C00A9F4FC /* PBXContainerItemProxy */ = {
			isa = PBXContainerItemProxy;
			containerPortal = A2D43E472C190A0900C3F21F /* Project object */;
			proxyType = 1;
			remoteGlobalIDString = A2E555F92CD11E9800A9F4FC;
			remoteInfo = QuranTimerWidgetExtension;
		};
/* End PBXContainerItemProxy section */

/* Begin PBXCopyFilesBuildPhase section */
		A210DA5C2C850A160033701C /* Embed Foundation Extensions */ = {
			isa = PBXCopyFilesBuildPhase;
			buildActionMask = 2147483647;
			dstPath = "";
			dstSubfolderSpec = 13;
			files = (
				A2E556092CD11E9C00A9F4FC /* QuranTimerWidgetExtension.appex in Embed Foundation Extensions */,
				A210DA592C850A160033701C /* QuranWidgetExtension.appex in Embed Foundation Extensions */,
			);
			name = "Embed Foundation Extensions";
			runOnlyForDeploymentPostprocessing = 0;
		};
/* End PBXCopyFilesBuildPhase section */

/* Begin PBXFileReference section */
		A20E15FA2C1F5C3300AF9DA4 /* QuranWidgetExtension.appex */ = {isa = PBXFileReference; explicitFileType = "wrapper.app-extension"; includeInIndex = 0; path = QuranWidgetExtension.appex; sourceTree = BUILT_PRODUCTS_DIR; };
		A20E15FC2C1F5C3300AF9DA4 /* WidgetKit.framework */ = {isa = PBXFileReference; lastKnownFileType = wrapper.framework; name = WidgetKit.framework; path = System/Library/Frameworks/WidgetKit.framework; sourceTree = SDKROOT; };
		A20E15FE2C1F5C3300AF9DA4 /* SwiftUI.framework */ = {isa = PBXFileReference; lastKnownFileType = wrapper.framework; name = SwiftUI.framework; path = System/Library/Frameworks/SwiftUI.framework; sourceTree = SDKROOT; };
		A20E16012C1F5C3300AF9DA4 /* QuranWidgetBundle.swift */ = {isa = PBXFileReference; lastKnownFileType = sourcecode.swift; path = QuranWidgetBundle.swift; sourceTree = "<group>"; };
		A20E16032C1F5C3300AF9DA4 /* PrayerTimesWidget.swift */ = {isa = PBXFileReference; lastKnownFileType = sourcecode.swift; path = PrayerTimesWidget.swift; sourceTree = "<group>"; };
		A20E16052C1F5C3500AF9DA4 /* Assets.xcassets */ = {isa = PBXFileReference; lastKnownFileType = folder.assetcatalog; path = Assets.xcassets; sourceTree = "<group>"; };
		A20E16072C1F5C3500AF9DA4 /* Info.plist */ = {isa = PBXFileReference; lastKnownFileType = text.plist.xml; path = Info.plist; sourceTree = "<group>"; };
		A210DA082C8496220033701C /* NextPrayerView.swift */ = {isa = PBXFileReference; lastKnownFileType = sourcecode.swift; path = NextPrayerView.swift; sourceTree = "<group>"; };
		A210DA622C852C100033701C /* IbadatView.swift */ = {isa = PBXFileReference; lastKnownFileType = sourcecode.swift; path = IbadatView.swift; sourceTree = "<group>"; };
		A210DA642C852C7E0033701C /* Ibadah.swift */ = {isa = PBXFileReference; lastKnownFileType = sourcecode.swift; path = Ibadah.swift; sourceTree = "<group>"; };
		A210DA672C855D1F0033701C /* ReauthenticateView.swift */ = {isa = PBXFileReference; lastKnownFileType = sourcecode.swift; path = ReauthenticateView.swift; sourceTree = "<group>"; };
		A210DA692C8565800033701C /* UpdateEmailView.swift */ = {isa = PBXFileReference; lastKnownFileType = sourcecode.swift; path = UpdateEmailView.swift; sourceTree = "<group>"; };
		A210DA6B2C85666A0033701C /* UpdatePasswordView.swift */ = {isa = PBXFileReference; lastKnownFileType = sourcecode.swift; path = UpdatePasswordView.swift; sourceTree = "<group>"; };
		A210DA6D2C8566710033701C /* DeleteAccountView.swift */ = {isa = PBXFileReference; lastKnownFileType = sourcecode.swift; path = DeleteAccountView.swift; sourceTree = "<group>"; };
		A214A7112C34BB03000D12A5 /* QuestionDetailView.swift */ = {isa = PBXFileReference; lastKnownFileType = sourcecode.swift; path = QuestionDetailView.swift; sourceTree = "<group>"; };
		A220AC952C49D6C30052F245 /* Ziaraah.json */ = {isa = PBXFileReference; lastKnownFileType = text.json; path = Ziaraah.json; sourceTree = "<group>"; };
		A220AC972C49D6FF0052F245 /* ZiyaratModel.swift */ = {isa = PBXFileReference; lastKnownFileType = sourcecode.swift; path = ZiyaratModel.swift; sourceTree = "<group>"; };
		A220AC992C49D7100052F245 /* Ziyarat.swift */ = {isa = PBXFileReference; lastKnownFileType = sourcecode.swift; path = Ziyarat.swift; sourceTree = "<group>"; };
		A220AC9F2C49D9110052F245 /* ZiyaratView.swift */ = {isa = PBXFileReference; lastKnownFileType = sourcecode.swift; path = ZiyaratView.swift; sourceTree = "<group>"; };
		A2274B452C52A76B003537EA /* SearchBar.swift */ = {isa = PBXFileReference; lastKnownFileType = sourcecode.swift; path = SearchBar.swift; sourceTree = "<group>"; };
		A230CE5E2C1C8F32002DC576 /* QuranView.swift */ = {isa = PBXFileReference; lastKnownFileType = sourcecode.swift; path = QuranView.swift; sourceTree = "<group>"; };
		A23271492CC4233C006AFD44 /* QuranTimeView.swift */ = {isa = PBXFileReference; lastKnownFileType = sourcecode.swift; path = QuranTimeView.swift; sourceTree = "<group>"; };
		A232714D2CC554CD006AFD44 /* WeeklyView.swift */ = {isa = PBXFileReference; lastKnownFileType = sourcecode.swift; path = WeeklyView.swift; sourceTree = "<group>"; };
		A232714F2CC554D6006AFD44 /* LifetimeView.swift */ = {isa = PBXFileReference; lastKnownFileType = sourcecode.swift; path = LifetimeView.swift; sourceTree = "<group>"; };
		A23271522CC59096006AFD44 /* QuranTimeWidget.swift */ = {isa = PBXFileReference; lastKnownFileType = sourcecode.swift; path = QuranTimeWidget.swift; sourceTree = "<group>"; };
		A23271552CC5948E006AFD44 /* QuranWidgetExtension.entitlements */ = {isa = PBXFileReference; lastKnownFileType = text.plist.entitlements; path = QuranWidgetExtension.entitlements; sourceTree = SOURCE_ROOT; };
		A2358C502C5019C0008D6BFA /* SocialsView.swift */ = {isa = PBXFileReference; lastKnownFileType = sourcecode.swift; path = SocialsView.swift; sourceTree = "<group>"; };
		A23C6B8A2C35A88800F67DDA /* QuestionCard.swift */ = {isa = PBXFileReference; lastKnownFileType = sourcecode.swift; path = QuestionCard.swift; sourceTree = "<group>"; };
		A23C6B8C2C35ABEB00F67DDA /* UserProfileSection.swift */ = {isa = PBXFileReference; lastKnownFileType = sourcecode.swift; path = UserProfileSection.swift; sourceTree = "<group>"; };
		A23E2AE72C51AFDD008C84E7 /* ImportantDate.swift */ = {isa = PBXFileReference; lastKnownFileType = sourcecode.swift; path = ImportantDate.swift; sourceTree = "<group>"; };
		A2522F442C8346430020850E /* LocationManager.swift */ = {isa = PBXFileReference; lastKnownFileType = sourcecode.swift; path = LocationManager.swift; sourceTree = "<group>"; };
		A2522F462C8346770020850E /* QiblaFinder.swift */ = {isa = PBXFileReference; lastKnownFileType = sourcecode.swift; path = QiblaFinder.swift; sourceTree = "<group>"; };
		A2522F482C834BDE0020850E /* TasbeehView.swift */ = {isa = PBXFileReference; lastKnownFileType = sourcecode.swift; path = TasbeehView.swift; sourceTree = "<group>"; };
		A25515032C4BFB1000554784 /* CalendarView.swift */ = {isa = PBXFileReference; lastKnownFileType = sourcecode.swift; path = CalendarView.swift; sourceTree = "<group>"; };
		A25515062C4C28C500554784 /* Jummah.mp3 */ = {isa = PBXFileReference; lastKnownFileType = audio.mp3; path = Jummah.mp3; sourceTree = "<group>"; };
		A266AC582C3357C20058156B /* NewQuestionView.swift */ = {isa = PBXFileReference; lastKnownFileType = sourcecode.swift; path = NewQuestionView.swift; sourceTree = "<group>"; };
		A266AC5A2C335E590058156B /* QuestionsModel.swift */ = {isa = PBXFileReference; lastKnownFileType = sourcecode.swift; path = QuestionsModel.swift; sourceTree = "<group>"; };
		A266AC5C2C335EBE0058156B /* Question.swift */ = {isa = PBXFileReference; lastKnownFileType = sourcecode.swift; path = Question.swift; sourceTree = "<group>"; };
		A266AC5E2C335FFC0058156B /* QuestionsView.swift */ = {isa = PBXFileReference; lastKnownFileType = sourcecode.swift; path = QuestionsView.swift; sourceTree = "<group>"; };
		A26A351A2C1DF96700C60561 /* PrayerTimesView.swift */ = {isa = PBXFileReference; lastKnownFileType = sourcecode.swift; path = PrayerTimesView.swift; sourceTree = "<group>"; };
		A26C56942C8143AD00A5D262 /* Safar.mp3 */ = {isa = PBXFileReference; lastKnownFileType = audio.mp3; path = Safar.mp3; sourceTree = "<group>"; };
		A2744C1B2C4ACA0500411882 /* EventsView.swift */ = {isa = PBXFileReference; lastKnownFileType = sourcecode.swift; path = EventsView.swift; sourceTree = "<group>"; };
		A2744C1C2C4ACA0500411882 /* EventView.swift */ = {isa = PBXFileReference; lastKnownFileType = sourcecode.swift; path = EventView.swift; sourceTree = "<group>"; };
		A27818C92C50836D00A80D53 /* ImportantDates.json */ = {isa = PBXFileReference; lastKnownFileType = text.json; path = ImportantDates.json; sourceTree = "<group>"; };
		A27D1D0E2C4D7840007E6F59 /* Allahumma Kunle.mp3 */ = {isa = PBXFileReference; lastKnownFileType = audio.mp3; path = "Allahumma Kunle.mp3"; sourceTree = "<group>"; };
		A27F38852C23960500169976 /* Info.plist */ = {isa = PBXFileReference; lastKnownFileType = text.plist; path = Info.plist; sourceTree = "<group>"; };
		A2849E432C4E7FC2005C2B00 /* CalendarModel.swift */ = {isa = PBXFileReference; lastKnownFileType = sourcecode.swift; path = CalendarModel.swift; sourceTree = "<group>"; };
		A289AA632C4AC6850051C8CC /* PaymentModel.swift */ = {isa = PBXFileReference; lastKnownFileType = sourcecode.swift; path = PaymentModel.swift; sourceTree = "<group>"; };
		A2975CED2C1CBDAC005FA616 /* Duas.json */ = {isa = PBXFileReference; lastKnownFileType = text.json; path = Duas.json; sourceTree = "<group>"; };
		A2975CEF2C1CC414005FA616 /* Dua.swift */ = {isa = PBXFileReference; lastKnownFileType = sourcecode.swift; path = Dua.swift; sourceTree = "<group>"; };
		A2975CF32C1CC4AF005FA616 /* DuaView.swift */ = {isa = PBXFileReference; lastKnownFileType = sourcecode.swift; path = DuaView.swift; sourceTree = "<group>"; };
		A2975CF72C1CC898005FA616 /* RootView.swift */ = {isa = PBXFileReference; lastKnownFileType = sourcecode.swift; path = RootView.swift; sourceTree = "<group>"; };
		A2989FC62CC32BDB000B6321 /* KFGQPC-Uthmanic-Script-HAFS-Regular.otf */ = {isa = PBXFileReference; lastKnownFileType = file; path = "KFGQPC-Uthmanic-Script-HAFS-Regular.otf"; sourceTree = "<group>"; };
		A2A9C86E2C49290000F114FD /* DuaModel.swift */ = {isa = PBXFileReference; lastKnownFileType = sourcecode.swift; path = DuaModel.swift; sourceTree = "<group>"; };
		A2A9C8702C49291A00F114FD /* EventsModel.swift */ = {isa = PBXFileReference; lastKnownFileType = sourcecode.swift; path = EventsModel.swift; sourceTree = "<group>"; };
		A2A9C8742C492CF200F114FD /* Reciter.swift */ = {isa = PBXFileReference; lastKnownFileType = sourcecode.swift; path = Reciter.swift; sourceTree = "<group>"; };
		A2A9C8752C492CF200F114FD /* Translator.swift */ = {isa = PBXFileReference; lastKnownFileType = sourcecode.swift; path = Translator.swift; sourceTree = "<group>"; };
		A2A9C87B2C492E9800F114FD /* AudioPlayer.swift */ = {isa = PBXFileReference; lastKnownFileType = sourcecode.swift; path = AudioPlayer.swift; sourceTree = "<group>"; };
		A2A9C87D2C492F3100F114FD /* Reciters.json */ = {isa = PBXFileReference; lastKnownFileType = text.json; path = Reciters.json; sourceTree = "<group>"; };
		A2A9C87F2C49301800F114FD /* Translators.json */ = {isa = PBXFileReference; lastKnownFileType = text.json; path = Translators.json; sourceTree = "<group>"; };
		A2A9C8812C49311700F114FD /* Asr.mp3 */ = {isa = PBXFileReference; lastKnownFileType = audio.mp3; path = Asr.mp3; sourceTree = "<group>"; };
		A2A9C8822C49311700F114FD /* Fajr.mp3 */ = {isa = PBXFileReference; lastKnownFileType = audio.mp3; path = Fajr.mp3; sourceTree = "<group>"; };
		A2A9C8832C49311700F114FD /* Isha.mp3 */ = {isa = PBXFileReference; lastKnownFileType = audio.mp3; path = Isha.mp3; sourceTree = "<group>"; };
		A2A9C8842C49311700F114FD /* LICENSE */ = {isa = PBXFileReference; lastKnownFileType = text; path = LICENSE; sourceTree = "<group>"; };
		A2A9C8852C49311700F114FD /* Maghrib.mp3 */ = {isa = PBXFileReference; lastKnownFileType = audio.mp3; path = Maghrib.mp3; sourceTree = "<group>"; };
		A2A9C8862C49311700F114FD /* Zuhr.mp3 */ = {isa = PBXFileReference; lastKnownFileType = audio.mp3; path = Zuhr.mp3; sourceTree = "<group>"; };
		A2C273D82C4AA9E700815AC8 /* DonationsView.swift */ = {isa = PBXFileReference; lastKnownFileType = sourcecode.swift; path = DonationsView.swift; sourceTree = "<group>"; };
		A2C497F32CC69CD200932178 /* StreakInfo.swift */ = {isa = PBXFileReference; lastKnownFileType = sourcecode.swift; path = StreakInfo.swift; sourceTree = "<group>"; };
		A2C497F52CC69E4200932178 /* StreakWidget.swift */ = {isa = PBXFileReference; lastKnownFileType = sourcecode.swift; path = StreakWidget.swift; sourceTree = "<group>"; };
		A2C497F92CC6B1DB00932178 /* UserDefaults.swift */ = {isa = PBXFileReference; lastKnownFileType = sourcecode.swift; path = UserDefaults.swift; sourceTree = "<group>"; };
		A2C497FD2CC6DCD200932178 /* StreakView.swift */ = {isa = PBXFileReference; lastKnownFileType = sourcecode.swift; path = StreakView.swift; sourceTree = "<group>"; };
		A2C6EEC42C90F598006F615E /* TestView.swift */ = {isa = PBXFileReference; lastKnownFileType = sourcecode.swift; path = TestView.swift; sourceTree = "<group>"; };
		A2C6EEC62C90F8A7006F615E /* TestQuestionView.swift */ = {isa = PBXFileReference; lastKnownFileType = sourcecode.swift; path = TestQuestionView.swift; sourceTree = "<group>"; };
		A2C706A92C4F036A008FF0C3 /* BookmarkedFoldersView.swift */ = {isa = PBXFileReference; lastKnownFileType = sourcecode.swift; path = BookmarkedFoldersView.swift; sourceTree = "<group>"; };
		A2C706AA2C4F036A008FF0C3 /* BookmarkedVerseCard.swift */ = {isa = PBXFileReference; lastKnownFileType = sourcecode.swift; path = BookmarkedVerseCard.swift; sourceTree = "<group>"; };
		A2C706AB2C4F036A008FF0C3 /* BookmarkedVersesView.swift */ = {isa = PBXFileReference; lastKnownFileType = sourcecode.swift; path = BookmarkedVersesView.swift; sourceTree = "<group>"; };
		A2C706B12C4F13C8008FF0C3 /* FavoritesView.swift */ = {isa = PBXFileReference; lastKnownFileType = sourcecode.swift; path = FavoritesView.swift; sourceTree = "<group>"; };
		A2C706B42C4F40BB008FF0C3 /* Quran.entitlements */ = {isa = PBXFileReference; lastKnownFileType = text.plist.entitlements; path = Quran.entitlements; sourceTree = "<group>"; };
		A2C74A432C4B5F5F00D353FC /* AmaalView.swift */ = {isa = PBXFileReference; lastKnownFileType = sourcecode.swift; path = AmaalView.swift; sourceTree = "<group>"; };
		A2C74A472C4B68EB00D353FC /* Amaals.json */ = {isa = PBXFileReference; lastKnownFileType = text.json; path = Amaals.json; sourceTree = "<group>"; };
		A2C74A492C4B692100D353FC /* Amaal.swift */ = {isa = PBXFileReference; lastKnownFileType = sourcecode.swift; path = Amaal.swift; sourceTree = "<group>"; };
		A2C74A4B2C4B693D00D353FC /* AmaalModel.swift */ = {isa = PBXFileReference; lastKnownFileType = sourcecode.swift; path = AmaalModel.swift; sourceTree = "<group>"; };
		A2C781552C3168CC007DAFD3 /* GoogleService-Info.plist */ = {isa = PBXFileReference; lastKnownFileType = text.plist.xml; path = "GoogleService-Info.plist"; sourceTree = "<group>"; };
		A2C781602C316A6D007DAFD3 /* AuthenticationModel.swift */ = {isa = PBXFileReference; lastKnownFileType = sourcecode.swift; path = AuthenticationModel.swift; sourceTree = "<group>"; };
		A2C781632C316F2B007DAFD3 /* SettingsView.swift */ = {isa = PBXFileReference; lastKnownFileType = sourcecode.swift; path = SettingsView.swift; sourceTree = "<group>"; };
		A2CEA4DE2C385F4D00D59BF8 /* AddBookmarkView.swift */ = {isa = PBXFileReference; lastKnownFileType = sourcecode.swift; path = AddBookmarkView.swift; sourceTree = "<group>"; };
		A2CEA4E22C39A39100D59BF8 /* NotificationManager.swift */ = {isa = PBXFileReference; lastKnownFileType = sourcecode.swift; path = NotificationManager.swift; sourceTree = "<group>"; };
		A2CEA4E52C3A08D900D59BF8 /* AppDelegate.swift */ = {isa = PBXFileReference; lastKnownFileType = sourcecode.swift; path = AppDelegate.swift; sourceTree = "<group>"; };
		A2CEA4E72C3B174600D59BF8 /* Adhan.wav */ = {isa = PBXFileReference; lastKnownFileType = audio.wav; path = Adhan.wav; sourceTree = "<group>"; };
		A2D17CA22C92194900A2AF23 /* NewAssignmentView.swift */ = {isa = PBXFileReference; lastKnownFileType = sourcecode.swift; path = NewAssignmentView.swift; sourceTree = "<group>"; };
		A2D43E4F2C190A0900C3F21F /* Quran.app */ = {isa = PBXFileReference; explicitFileType = wrapper.application; includeInIndex = 0; path = Quran.app; sourceTree = BUILT_PRODUCTS_DIR; };
		A2D43E522C190A0900C3F21F /* QuranApp.swift */ = {isa = PBXFileReference; lastKnownFileType = sourcecode.swift; path = QuranApp.swift; sourceTree = "<group>"; };
		A2D43E542C190A0900C3F21F /* SurahView.swift */ = {isa = PBXFileReference; lastKnownFileType = sourcecode.swift; path = SurahView.swift; sourceTree = "<group>"; };
		A2D43E562C190A0A00C3F21F /* Assets.xcassets */ = {isa = PBXFileReference; lastKnownFileType = folder.assetcatalog; path = Assets.xcassets; sourceTree = "<group>"; };
		A2D43E592C190A0A00C3F21F /* Preview Assets.xcassets */ = {isa = PBXFileReference; lastKnownFileType = folder.assetcatalog; path = "Preview Assets.xcassets"; sourceTree = "<group>"; };
		A2D43E622C190A8F00C3F21F /* Quran.swift */ = {isa = PBXFileReference; lastKnownFileType = sourcecode.swift; path = Quran.swift; sourceTree = "<group>"; };
		A2D43E642C190AF200C3F21F /* QuranModel.swift */ = {isa = PBXFileReference; lastKnownFileType = sourcecode.swift; path = QuranModel.swift; sourceTree = "<group>"; };
		A2DC615C2C1A650400E73390 /* Quran.json */ = {isa = PBXFileReference; lastKnownFileType = text.json; path = Quran.json; sourceTree = "<group>"; };
		A2E4E3C02C1DF174007D28A4 /* PrayerTimesModel.swift */ = {isa = PBXFileReference; lastKnownFileType = sourcecode.swift; path = PrayerTimesModel.swift; sourceTree = "<group>"; };
		A2E555FA2CD11E9800A9F4FC /* QuranTimerWidgetExtension.appex */ = {isa = PBXFileReference; explicitFileType = "wrapper.app-extension"; includeInIndex = 0; path = QuranTimerWidgetExtension.appex; sourceTree = BUILT_PRODUCTS_DIR; };
		A2E555FE2CD11E9A00A9F4FC /* QuranTimerWidgetLiveActivity.swift */ = {isa = PBXFileReference; lastKnownFileType = sourcecode.swift; path = QuranTimerWidgetLiveActivity.swift; sourceTree = "<group>"; };
		A2E556002CD11E9A00A9F4FC /* QuranTimerWidgetBundle.swift */ = {isa = PBXFileReference; lastKnownFileType = sourcecode.swift; path = QuranTimerWidgetBundle.swift; sourceTree = "<group>"; };
		A2E556042CD11E9C00A9F4FC /* Assets.xcassets */ = {isa = PBXFileReference; lastKnownFileType = folder.assetcatalog; path = Assets.xcassets; sourceTree = "<group>"; };
		A2E556062CD11E9C00A9F4FC /* Info.plist */ = {isa = PBXFileReference; lastKnownFileType = text.plist.xml; path = Info.plist; sourceTree = "<group>"; };
		A2E5560D2CD11F1E00A9F4FC /* QuranTimerAttributes.swift */ = {isa = PBXFileReference; lastKnownFileType = sourcecode.swift; path = QuranTimerAttributes.swift; sourceTree = "<group>"; };
		A2E556112CD1234500A9F4FC /* QuranTimerWidgetExtension.entitlements */ = {isa = PBXFileReference; lastKnownFileType = text.plist.entitlements; path = QuranTimerWidgetExtension.entitlements; sourceTree = "<group>"; };
		A2ED6C552C86CD11002183EC /* EmailCodeView.swift */ = {isa = PBXFileReference; lastKnownFileType = sourcecode.swift; path = EmailCodeView.swift; sourceTree = "<group>"; };
		A2ED6C582C87E6F9002183EC /* MadrassahView.swift */ = {isa = PBXFileReference; lastKnownFileType = sourcecode.swift; path = MadrassahView.swift; sourceTree = "<group>"; };
		A2ED6C5A2C8892AD002183EC /* MadrassahModel.swift */ = {isa = PBXFileReference; lastKnownFileType = sourcecode.swift; path = MadrassahModel.swift; sourceTree = "<group>"; };
		A2ED6C5C2C8892C5002183EC /* Madrassah.swift */ = {isa = PBXFileReference; lastKnownFileType = sourcecode.swift; path = Madrassah.swift; sourceTree = "<group>"; };
		A2ED6C5E2C88A1C0002183EC /* LinkMadrassahAccountView.swift */ = {isa = PBXFileReference; lastKnownFileType = sourcecode.swift; path = LinkMadrassahAccountView.swift; sourceTree = "<group>"; };
		A2ED6C602C88B077002183EC /* AddClassView.swift */ = {isa = PBXFileReference; lastKnownFileType = sourcecode.swift; path = AddClassView.swift; sourceTree = "<group>"; };
		A2ED6C622C88C5F0002183EC /* ClassView.swift */ = {isa = PBXFileReference; lastKnownFileType = sourcecode.swift; path = ClassView.swift; sourceTree = "<group>"; };
		A2ED6C652C88EF58002183EC /* DiscussionView.swift */ = {isa = PBXFileReference; lastKnownFileType = sourcecode.swift; path = DiscussionView.swift; sourceTree = "<group>"; };
		A2ED6C672C88EF62002183EC /* AssignmentsView.swift */ = {isa = PBXFileReference; lastKnownFileType = sourcecode.swift; path = AssignmentsView.swift; sourceTree = "<group>"; };
		A2ED6C692C88EF6B002183EC /* ResourcesView.swift */ = {isa = PBXFileReference; lastKnownFileType = sourcecode.swift; path = ResourcesView.swift; sourceTree = "<group>"; };
		A2ED6C6D2C88F343002183EC /* DiscussionModel.swift */ = {isa = PBXFileReference; lastKnownFileType = sourcecode.swift; path = DiscussionModel.swift; sourceTree = "<group>"; };
		A2ED6C6F2C88F35B002183EC /* AssignmentsModel.swift */ = {isa = PBXFileReference; lastKnownFileType = sourcecode.swift; path = AssignmentsModel.swift; sourceTree = "<group>"; };
		A2ED6C712C88F370002183EC /* ResourcesModel.swift */ = {isa = PBXFileReference; lastKnownFileType = sourcecode.swift; path = ResourcesModel.swift; sourceTree = "<group>"; };
		A2ED6C742C88F38E002183EC /* Discussion.swift */ = {isa = PBXFileReference; lastKnownFileType = sourcecode.swift; path = Discussion.swift; sourceTree = "<group>"; };
		A2ED6C762C88F3A4002183EC /* Assignment.swift */ = {isa = PBXFileReference; lastKnownFileType = sourcecode.swift; path = Assignment.swift; sourceTree = "<group>"; };
		A2ED6C782C88F3CE002183EC /* Resource.swift */ = {isa = PBXFileReference; lastKnownFileType = sourcecode.swift; path = Resource.swift; sourceTree = "<group>"; };
		A2ED6C7A2C8BB48D002183EC /* FilePreviewController.swift */ = {isa = PBXFileReference; lastKnownFileType = sourcecode.swift; path = FilePreviewController.swift; sourceTree = "<group>"; };
		A2ED6C7C2C8CB74E002183EC /* ImagePicker.swift */ = {isa = PBXFileReference; lastKnownFileType = sourcecode.swift; path = ImagePicker.swift; sourceTree = "<group>"; };
		A2ED6C7F2C8DCFF6002183EC /* ProfileDetailView.swift */ = {isa = PBXFileReference; lastKnownFileType = sourcecode.swift; path = ProfileDetailView.swift; sourceTree = "<group>"; };
		A2ED6C832C8E4C6D002183EC /* AssignmentView.swift */ = {isa = PBXFileReference; lastKnownFileType = sourcecode.swift; path = AssignmentView.swift; sourceTree = "<group>"; };
		A2FD25B92C1EEB9A003785CF /* Persistence.swift */ = {isa = PBXFileReference; lastKnownFileType = sourcecode.swift; path = Persistence.swift; sourceTree = "<group>"; };
		A2FD25BD2C1EEBF9003785CF /* QuranApp.xcdatamodel */ = {isa = PBXFileReference; lastKnownFileType = wrapper.xcdatamodel; path = QuranApp.xcdatamodel; sourceTree = "<group>"; };
/* End PBXFileReference section */

/* Begin PBXFrameworksBuildPhase section */
		A20E15F72C1F5C3300AF9DA4 /* Frameworks */ = {
			isa = PBXFrameworksBuildPhase;
			buildActionMask = 2147483647;
			files = (
				A210DA5D2C8529A90033701C /* SwiftUI.framework in Frameworks */,
				A227E7C72CC834ED00275DA9 /* Alamofire in Frameworks */,
				A227E7A92CC8345C00275DA9 /* FirebaseAuth in Frameworks */,
				A210DA602C8529AB0033701C /* WidgetKit.framework in Frameworks */,
				A227E7C92CC834F300275DA9 /* SwiftSoup in Frameworks */,
			);
			runOnlyForDeploymentPostprocessing = 0;
		};
		A2D43E4C2C190A0900C3F21F /* Frameworks */ = {
			isa = PBXFrameworksBuildPhase;
			buildActionMask = 2147483647;
			files = (
				A227E7B22CC8349700275DA9 /* Stripe in Frameworks */,
				A227E7C52CC834E600275DA9 /* Alamofire in Frameworks */,
				A227E7A02CC8342800275DA9 /* SwiftSMTP in Frameworks */,
				A227E7A72CC8345200275DA9 /* FirebaseStorage in Frameworks */,
				A227E7B92CC834A200275DA9 /* iCalendarParser in Frameworks */,
				A227E7A32CC8345200275DA9 /* FirebaseAuth in Frameworks */,
				A227E7B42CC8349700275DA9 /* StripeCardScan in Frameworks */,
				A227E7AF2CC8346F00275DA9 /* WStack in Frameworks */,
				A227E7AC2CC8346500275DA9 /* ExyteMediaPicker in Frameworks */,
				A227E7BF2CC834BF00275DA9 /* SwiftyCrop in Frameworks */,
				A227E7C22CC834CE00275DA9 /* SwiftSoup in Frameworks */,
				A227E7BC2CC834AF00275DA9 /* SDWebImageSwiftUI in Frameworks */,
				A227E7B62CC8349700275DA9 /* StripePaymentSheet in Frameworks */,
				A227E7A52CC8345200275DA9 /* FirebaseFirestore in Frameworks */,
			);
			runOnlyForDeploymentPostprocessing = 0;
		};
		A2E555F72CD11E9800A9F4FC /* Frameworks */ = {
			isa = PBXFrameworksBuildPhase;
			buildActionMask = 2147483647;
			files = (
				A2E555FC2CD11E9800A9F4FC /* SwiftUI.framework in Frameworks */,
				A2E555FB2CD11E9800A9F4FC /* WidgetKit.framework in Frameworks */,
			);
			runOnlyForDeploymentPostprocessing = 0;
		};
/* End PBXFrameworksBuildPhase section */

/* Begin PBXGroup section */
		A20E15FB2C1F5C3300AF9DA4 /* Frameworks */ = {
			isa = PBXGroup;
			children = (
				A20E15FC2C1F5C3300AF9DA4 /* WidgetKit.framework */,
				A20E15FE2C1F5C3300AF9DA4 /* SwiftUI.framework */,
			);
			name = Frameworks;
			sourceTree = "<group>";
		};
		A20E16002C1F5C3300AF9DA4 /* QuranWidget */ = {
			isa = PBXGroup;
			children = (
				A20E16072C1F5C3500AF9DA4 /* Info.plist */,
				A20E16012C1F5C3300AF9DA4 /* QuranWidgetBundle.swift */,
				A20E16032C1F5C3300AF9DA4 /* PrayerTimesWidget.swift */,
				A23271522CC59096006AFD44 /* QuranTimeWidget.swift */,
				A2C497F52CC69E4200932178 /* StreakWidget.swift */,
				A20E16052C1F5C3500AF9DA4 /* Assets.xcassets */,
			);
			path = QuranWidget;
			sourceTree = "<group>";
		};
		A210DA662C8534C60033701C /* Ibadat */ = {
			isa = PBXGroup;
			children = (
				A210DA622C852C100033701C /* IbadatView.swift */,
				A2975CF32C1CC4AF005FA616 /* DuaView.swift */,
				A220AC9F2C49D9110052F245 /* ZiyaratView.swift */,
				A2C74A432C4B5F5F00D353FC /* AmaalView.swift */,
			);
			path = Ibadat;
			sourceTree = "<group>";
		};
		A222F8702C1DF0ED00405860 /* Views */ = {
			isa = PBXGroup;
			children = (
				A2975CF72C1CC898005FA616 /* RootView.swift */,
				A2E4E3BE2C1DF140007D28A4 /* Quran */,
				A25515022C4BFB0200554784 /* Calendar */,
				A2744C1D2C4ACA0500411882 /* Events */,
				A210DA662C8534C60033701C /* Ibadat */,
				A2522F422C8346180020850E /* Tasbeeh */,
				A2522F412C8346020020850E /* Qibla Finder */,
				A266AC572C3357B00058156B /* Questions */,
				A2C273D72C4AA9CD00815AC8 /* Donations */,
				A2358C4F2C5019B1008D6BFA /* Socials */,
				A2ED6C572C87E645002183EC /* Madrassah */,
				A26A35192C1DF94900C60561 /* Prayer Times */,
				A2C781622C316F17007DAFD3 /* Account */,
				A2C706B02C4F13A0008FF0C3 /* Favorites */,
				A2274B442C52A75A003537EA /* Helpers */,
			);
			path = Views;
			sourceTree = "<group>";
		};
		A2274B442C52A75A003537EA /* Helpers */ = {
			isa = PBXGroup;
			children = (
				A2274B452C52A76B003537EA /* SearchBar.swift */,
				A2ED6C7C2C8CB74E002183EC /* ImagePicker.swift */,
				A2C497F32CC69CD200932178 /* StreakInfo.swift */,
			);
			path = Helpers;
			sourceTree = "<group>";
		};
		A232714B2CC42344006AFD44 /* Surah */ = {
			isa = PBXGroup;
			children = (
				A2D43E542C190A0900C3F21F /* SurahView.swift */,
				A2CEA4DE2C385F4D00D59BF8 /* AddBookmarkView.swift */,
			);
			path = Surah;
			sourceTree = "<group>";
		};
		A232714C2CC554B3006AFD44 /* Quran Time */ = {
			isa = PBXGroup;
			children = (
				A23271492CC4233C006AFD44 /* QuranTimeView.swift */,
				A232714D2CC554CD006AFD44 /* WeeklyView.swift */,
				A232714F2CC554D6006AFD44 /* LifetimeView.swift */,
				A2C497FD2CC6DCD200932178 /* StreakView.swift */,
			);
			path = "Quran Time";
			sourceTree = "<group>";
		};
		A2358C4F2C5019B1008D6BFA /* Socials */ = {
			isa = PBXGroup;
			children = (
				A2358C502C5019C0008D6BFA /* SocialsView.swift */,
			);
			path = Socials;
			sourceTree = "<group>";
		};
		A23E2AE22C5125C6008C84E7 /* Fonts */ = {
			isa = PBXGroup;
			children = (
				A2989FC62CC32BDB000B6321 /* KFGQPC-Uthmanic-Script-HAFS-Regular.otf */,
			);
			path = Fonts;
			sourceTree = "<group>";
		};
		A2522F412C8346020020850E /* Qibla Finder */ = {
			isa = PBXGroup;
			children = (
				A2522F462C8346770020850E /* QiblaFinder.swift */,
				A2522F442C8346430020850E /* LocationManager.swift */,
			);
			path = "Qibla Finder";
			sourceTree = "<group>";
		};
		A2522F422C8346180020850E /* Tasbeeh */ = {
			isa = PBXGroup;
			children = (
				A2522F482C834BDE0020850E /* TasbeehView.swift */,
			);
			path = Tasbeeh;
			sourceTree = "<group>";
		};
		A25515022C4BFB0200554784 /* Calendar */ = {
			isa = PBXGroup;
			children = (
				A25515032C4BFB1000554784 /* CalendarView.swift */,
			);
			path = Calendar;
			sourceTree = "<group>";
		};
		A25515052C4C28B200554784 /* Duas */ = {
			isa = PBXGroup;
			children = (
				A2975CED2C1CBDAC005FA616 /* Duas.json */,
				A2A9C8822C49311700F114FD /* Fajr.mp3 */,
				A2A9C8862C49311700F114FD /* Zuhr.mp3 */,
				A2A9C8812C49311700F114FD /* Asr.mp3 */,
				A2A9C8852C49311700F114FD /* Maghrib.mp3 */,
				A2A9C8832C49311700F114FD /* Isha.mp3 */,
				A27D1D0E2C4D7840007E6F59 /* Allahumma Kunle.mp3 */,
				A25515062C4C28C500554784 /* Jummah.mp3 */,
				A26C56942C8143AD00A5D262 /* Safar.mp3 */,
			);
			path = Duas;
			sourceTree = "<group>";
		};
		A25515082C4C290700554784 /* Quran */ = {
			isa = PBXGroup;
			children = (
				A2DC615C2C1A650400E73390 /* Quran.json */,
				A2A9C8842C49311700F114FD /* LICENSE */,
				A2A9C87D2C492F3100F114FD /* Reciters.json */,
				A2A9C87F2C49301800F114FD /* Translators.json */,
			);
			path = Quran;
			sourceTree = "<group>";
		};
		A266AC572C3357B00058156B /* Questions */ = {
			isa = PBXGroup;
			children = (
				A266AC5E2C335FFC0058156B /* QuestionsView.swift */,
				A266AC582C3357C20058156B /* NewQuestionView.swift */,
				A214A7112C34BB03000D12A5 /* QuestionDetailView.swift */,
				A23C6B8A2C35A88800F67DDA /* QuestionCard.swift */,
				A23C6B8C2C35ABEB00F67DDA /* UserProfileSection.swift */,
			);
			path = Questions;
			sourceTree = "<group>";
		};
		A26A35192C1DF94900C60561 /* Prayer Times */ = {
			isa = PBXGroup;
			children = (
				A26A351A2C1DF96700C60561 /* PrayerTimesView.swift */,
				A210DA082C8496220033701C /* NextPrayerView.swift */,
			);
			path = "Prayer Times";
			sourceTree = "<group>";
		};
		A2744C1D2C4ACA0500411882 /* Events */ = {
			isa = PBXGroup;
			children = (
				A2744C1B2C4ACA0500411882 /* EventsView.swift */,
				A2744C1C2C4ACA0500411882 /* EventView.swift */,
			);
			path = Events;
			sourceTree = "<group>";
		};
		A2C273D72C4AA9CD00815AC8 /* Donations */ = {
			isa = PBXGroup;
			children = (
				A2C273D82C4AA9E700815AC8 /* DonationsView.swift */,
			);
			path = Donations;
			sourceTree = "<group>";
		};
		A2C497FC2CC6B21B00932178 /* Storage */ = {
			isa = PBXGroup;
			children = (
				A2FD25BB2C1EEBA5003785CF /* Core Data */,
				A2C497F92CC6B1DB00932178 /* UserDefaults.swift */,
			);
			path = Storage;
			sourceTree = "<group>";
		};
		A2C706AC2C4F036A008FF0C3 /* Bookmarks */ = {
			isa = PBXGroup;
			children = (
				A2C706A92C4F036A008FF0C3 /* BookmarkedFoldersView.swift */,
				A2C706AB2C4F036A008FF0C3 /* BookmarkedVersesView.swift */,
				A2C706AA2C4F036A008FF0C3 /* BookmarkedVerseCard.swift */,
			);
			path = Bookmarks;
			sourceTree = "<group>";
		};
		A2C706B02C4F13A0008FF0C3 /* Favorites */ = {
			isa = PBXGroup;
			children = (
				A2C706B12C4F13C8008FF0C3 /* FavoritesView.swift */,
			);
			path = Favorites;
			sourceTree = "<group>";
		};
		A2C781622C316F17007DAFD3 /* Account */ = {
			isa = PBXGroup;
			children = (
				A2ED6C7E2C8DCFE6002183EC /* Settings */,
				A2ED6C7F2C8DCFF6002183EC /* ProfileDetailView.swift */,
			);
			path = Account;
			sourceTree = "<group>";
		};
		A2CEA4E42C3A08B400D59BF8 /* Notifications */ = {
			isa = PBXGroup;
			children = (
				A2CEA4E22C39A39100D59BF8 /* NotificationManager.swift */,
				A2CEA4E72C3B174600D59BF8 /* Adhan.wav */,
			);
			path = Notifications;
			sourceTree = "<group>";
		};
		A2D43E462C190A0900C3F21F = {
			isa = PBXGroup;
			children = (
				A2D43E512C190A0900C3F21F /* Quran */,
				A20E16002C1F5C3300AF9DA4 /* QuranWidget */,
				A23271552CC5948E006AFD44 /* QuranWidgetExtension.entitlements */,
				A2E555FD2CD11E9800A9F4FC /* QuranTimerWidget */,
				A2E556112CD1234500A9F4FC /* QuranTimerWidgetExtension.entitlements */,
				A20E15FB2C1F5C3300AF9DA4 /* Frameworks */,
				A2D43E502C190A0900C3F21F /* Products */,
			);
			sourceTree = "<group>";
		};
		A2D43E502C190A0900C3F21F /* Products */ = {
			isa = PBXGroup;
			children = (
				A2D43E4F2C190A0900C3F21F /* Quran.app */,
				A20E15FA2C1F5C3300AF9DA4 /* QuranWidgetExtension.appex */,
				A2E555FA2CD11E9800A9F4FC /* QuranTimerWidgetExtension.appex */,
			);
			name = Products;
			sourceTree = "<group>";
		};
		A2D43E512C190A0900C3F21F /* Quran */ = {
			isa = PBXGroup;
			children = (
				A2C706B42C4F40BB008FF0C3 /* Quran.entitlements */,
				A27F38852C23960500169976 /* Info.plist */,
				A2C781552C3168CC007DAFD3 /* GoogleService-Info.plist */,
				A2D43E522C190A0900C3F21F /* QuranApp.swift */,
				A2CEA4E52C3A08D900D59BF8 /* AppDelegate.swift */,
				A222F8702C1DF0ED00405860 /* Views */,
				A2E4E3BB2C1DF10D007D28A4 /* Models */,
				A2E4E3BC2C1DF111007D28A4 /* View Models */,
				A2CEA4E42C3A08B400D59BF8 /* Notifications */,
				A2C497FC2CC6B21B00932178 /* Storage */,
				A2E4E3BD2C1DF135007D28A4 /* Data */,
				A2D43E562C190A0A00C3F21F /* Assets.xcassets */,
				A2D43E582C190A0A00C3F21F /* Preview Content */,
			);
			path = Quran;
			sourceTree = "<group>";
		};
		A2D43E582C190A0A00C3F21F /* Preview Content */ = {
			isa = PBXGroup;
			children = (
				A2D43E592C190A0A00C3F21F /* Preview Assets.xcassets */,
			);
			path = "Preview Content";
			sourceTree = "<group>";
		};
		A2E4E3BB2C1DF10D007D28A4 /* Models */ = {
			isa = PBXGroup;
			children = (
				A2D43E622C190A8F00C3F21F /* Quran.swift */,
				A2A9C8752C492CF200F114FD /* Translator.swift */,
				A2A9C8742C492CF200F114FD /* Reciter.swift */,
				A23E2AE72C51AFDD008C84E7 /* ImportantDate.swift */,
				A210DA642C852C7E0033701C /* Ibadah.swift */,
				A2975CEF2C1CC414005FA616 /* Dua.swift */,
				A220AC992C49D7100052F245 /* Ziyarat.swift */,
				A2C74A492C4B692100D353FC /* Amaal.swift */,
				A266AC5C2C335EBE0058156B /* Question.swift */,
				A2ED6C6B2C88F323002183EC /* Madrassah */,
			);
			path = Models;
			sourceTree = "<group>";
		};
		A2E4E3BC2C1DF111007D28A4 /* View Models */ = {
			isa = PBXGroup;
			children = (
				A2D43E642C190AF200C3F21F /* QuranModel.swift */,
				A2849E432C4E7FC2005C2B00 /* CalendarModel.swift */,
				A2A9C8702C49291A00F114FD /* EventsModel.swift */,
				A2A9C86E2C49290000F114FD /* DuaModel.swift */,
				A220AC972C49D6FF0052F245 /* ZiyaratModel.swift */,
				A2C74A4B2C4B693D00D353FC /* AmaalModel.swift */,
				A266AC5A2C335E590058156B /* QuestionsModel.swift */,
				A289AA632C4AC6850051C8CC /* PaymentModel.swift */,
				A2ED6C6C2C88F32E002183EC /* Madrassah */,
				A2E4E3C02C1DF174007D28A4 /* PrayerTimesModel.swift */,
				A2C781602C316A6D007DAFD3 /* AuthenticationModel.swift */,
				A2A9C87B2C492E9800F114FD /* AudioPlayer.swift */,
			);
			path = "View Models";
			sourceTree = "<group>";
		};
		A2E4E3BD2C1DF135007D28A4 /* Data */ = {
			isa = PBXGroup;
			children = (
				A25515082C4C290700554784 /* Quran */,
				A25515052C4C28B200554784 /* Duas */,
				A220AC952C49D6C30052F245 /* Ziaraah.json */,
				A2C74A472C4B68EB00D353FC /* Amaals.json */,
				A27818C92C50836D00A80D53 /* ImportantDates.json */,
				A23E2AE22C5125C6008C84E7 /* Fonts */,
			);
			path = Data;
			sourceTree = "<group>";
		};
		A2E4E3BE2C1DF140007D28A4 /* Quran */ = {
			isa = PBXGroup;
			children = (
				A230CE5E2C1C8F32002DC576 /* QuranView.swift */,
				A232714B2CC42344006AFD44 /* Surah */,
				A2C706AC2C4F036A008FF0C3 /* Bookmarks */,
				A232714C2CC554B3006AFD44 /* Quran Time */,
			);
			path = Quran;
			sourceTree = "<group>";
		};
		A2E555FD2CD11E9800A9F4FC /* QuranTimerWidget */ = {
			isa = PBXGroup;
			children = (
				A2E5560D2CD11F1E00A9F4FC /* QuranTimerAttributes.swift */,
				A2E555FE2CD11E9A00A9F4FC /* QuranTimerWidgetLiveActivity.swift */,
				A2E556002CD11E9A00A9F4FC /* QuranTimerWidgetBundle.swift */,
				A2E556042CD11E9C00A9F4FC /* Assets.xcassets */,
				A2E556062CD11E9C00A9F4FC /* Info.plist */,
			);
			path = QuranTimerWidget;
			sourceTree = "<group>";
		};
		A2ED6C572C87E645002183EC /* Madrassah */ = {
			isa = PBXGroup;
			children = (
				A2ED6C582C87E6F9002183EC /* MadrassahView.swift */,
				A2ED6C5E2C88A1C0002183EC /* LinkMadrassahAccountView.swift */,
				A2ED6C602C88B077002183EC /* AddClassView.swift */,
				A2ED6C642C88EE94002183EC /* Class */,
			);
			path = Madrassah;
			sourceTree = "<group>";
		};
		A2ED6C642C88EE94002183EC /* Class */ = {
			isa = PBXGroup;
			children = (
				A2ED6C622C88C5F0002183EC /* ClassView.swift */,
				A2ED6C652C88EF58002183EC /* DiscussionView.swift */,
				A2ED6C812C8E4C45002183EC /* Assignments */,
				A2ED6C822C8E4C50002183EC /* Resources */,
			);
			path = Class;
			sourceTree = "<group>";
		};
		A2ED6C6B2C88F323002183EC /* Madrassah */ = {
			isa = PBXGroup;
			children = (
				A2ED6C5C2C8892C5002183EC /* Madrassah.swift */,
				A2ED6C742C88F38E002183EC /* Discussion.swift */,
				A2ED6C762C88F3A4002183EC /* Assignment.swift */,
				A2ED6C782C88F3CE002183EC /* Resource.swift */,
			);
			path = Madrassah;
			sourceTree = "<group>";
		};
		A2ED6C6C2C88F32E002183EC /* Madrassah */ = {
			isa = PBXGroup;
			children = (
				A2ED6C5A2C8892AD002183EC /* MadrassahModel.swift */,
				A2ED6C6D2C88F343002183EC /* DiscussionModel.swift */,
				A2ED6C6F2C88F35B002183EC /* AssignmentsModel.swift */,
				A2ED6C712C88F370002183EC /* ResourcesModel.swift */,
			);
			path = Madrassah;
			sourceTree = "<group>";
		};
		A2ED6C7E2C8DCFE6002183EC /* Settings */ = {
			isa = PBXGroup;
			children = (
				A2C781632C316F2B007DAFD3 /* SettingsView.swift */,
				A2ED6C552C86CD11002183EC /* EmailCodeView.swift */,
				A210DA672C855D1F0033701C /* ReauthenticateView.swift */,
				A210DA692C8565800033701C /* UpdateEmailView.swift */,
				A210DA6B2C85666A0033701C /* UpdatePasswordView.swift */,
				A210DA6D2C8566710033701C /* DeleteAccountView.swift */,
			);
			path = Settings;
			sourceTree = "<group>";
		};
		A2ED6C812C8E4C45002183EC /* Assignments */ = {
			isa = PBXGroup;
			children = (
				A2ED6C672C88EF62002183EC /* AssignmentsView.swift */,
				A2D17CA22C92194900A2AF23 /* NewAssignmentView.swift */,
				A2ED6C832C8E4C6D002183EC /* AssignmentView.swift */,
				A2C6EEC42C90F598006F615E /* TestView.swift */,
				A2C6EEC62C90F8A7006F615E /* TestQuestionView.swift */,
			);
			path = Assignments;
			sourceTree = "<group>";
		};
		A2ED6C822C8E4C50002183EC /* Resources */ = {
			isa = PBXGroup;
			children = (
				A2ED6C692C88EF6B002183EC /* ResourcesView.swift */,
				A2ED6C7A2C8BB48D002183EC /* FilePreviewController.swift */,
			);
			path = Resources;
			sourceTree = "<group>";
		};
		A2FD25BB2C1EEBA5003785CF /* Core Data */ = {
			isa = PBXGroup;
			children = (
				A2FD25B92C1EEB9A003785CF /* Persistence.swift */,
				A2FD25BC2C1EEBF9003785CF /* QuranApp.xcdatamodeld */,
			);
			path = "Core Data";
			sourceTree = "<group>";
		};
/* End PBXGroup section */

/* Begin PBXNativeTarget section */
		A20E15F92C1F5C3300AF9DA4 /* QuranWidgetExtension */ = {
			isa = PBXNativeTarget;
			buildConfigurationList = A20E160B2C1F5C3500AF9DA4 /* Build configuration list for PBXNativeTarget "QuranWidgetExtension" */;
			buildPhases = (
				A20E15F62C1F5C3300AF9DA4 /* Sources */,
				A20E15F72C1F5C3300AF9DA4 /* Frameworks */,
				A20E15F82C1F5C3300AF9DA4 /* Resources */,
			);
			buildRules = (
			);
			dependencies = (
			);
			name = QuranWidgetExtension;
			packageProductDependencies = (
				A227E7A82CC8345C00275DA9 /* FirebaseAuth */,
				A227E7C62CC834ED00275DA9 /* Alamofire */,
				A227E7C82CC834F300275DA9 /* SwiftSoup */,
			);
			productName = QuranWidgetExtension;
			productReference = A20E15FA2C1F5C3300AF9DA4 /* QuranWidgetExtension.appex */;
			productType = "com.apple.product-type.app-extension";
		};
		A2D43E4E2C190A0900C3F21F /* Quran */ = {
			isa = PBXNativeTarget;
			buildConfigurationList = A2D43E5D2C190A0A00C3F21F /* Build configuration list for PBXNativeTarget "Quran" */;
			buildPhases = (
				A2D43E4B2C190A0900C3F21F /* Sources */,
				A2D43E4C2C190A0900C3F21F /* Frameworks */,
				A2D43E4D2C190A0900C3F21F /* Resources */,
				A210DA5C2C850A160033701C /* Embed Foundation Extensions */,
			);
			buildRules = (
			);
			dependencies = (
				A210DA5B2C850A160033701C /* PBXTargetDependency */,
				A2E556082CD11E9C00A9F4FC /* PBXTargetDependency */,
			);
			name = Quran;
			packageProductDependencies = (
				A227E79F2CC8342800275DA9 /* SwiftSMTP */,
				A227E7A22CC8345200275DA9 /* FirebaseAuth */,
				A227E7A42CC8345200275DA9 /* FirebaseFirestore */,
				A227E7A62CC8345200275DA9 /* FirebaseStorage */,
				A227E7AB2CC8346500275DA9 /* ExyteMediaPicker */,
				A227E7AE2CC8346F00275DA9 /* WStack */,
				A227E7B12CC8349700275DA9 /* Stripe */,
				A227E7B32CC8349700275DA9 /* StripeCardScan */,
				A227E7B52CC8349700275DA9 /* StripePaymentSheet */,
				A227E7B82CC834A200275DA9 /* iCalendarParser */,
				A227E7BB2CC834AF00275DA9 /* SDWebImageSwiftUI */,
				A227E7BE2CC834BF00275DA9 /* SwiftyCrop */,
				A227E7C12CC834CE00275DA9 /* SwiftSoup */,
				A227E7C42CC834E600275DA9 /* Alamofire */,
			);
			productName = Quran;
			productReference = A2D43E4F2C190A0900C3F21F /* Quran.app */;
			productType = "com.apple.product-type.application";
		};
		A2E555F92CD11E9800A9F4FC /* QuranTimerWidgetExtension */ = {
			isa = PBXNativeTarget;
			buildConfigurationList = A2E5560C2CD11E9C00A9F4FC /* Build configuration list for PBXNativeTarget "QuranTimerWidgetExtension" */;
			buildPhases = (
				A2E555F62CD11E9800A9F4FC /* Sources */,
				A2E555F72CD11E9800A9F4FC /* Frameworks */,
				A2E555F82CD11E9800A9F4FC /* Resources */,
			);
			buildRules = (
			);
			dependencies = (
			);
			name = QuranTimerWidgetExtension;
			productName = QuranTimerWidgetExtension;
			productReference = A2E555FA2CD11E9800A9F4FC /* QuranTimerWidgetExtension.appex */;
			productType = "com.apple.product-type.app-extension";
		};
/* End PBXNativeTarget section */

/* Begin PBXProject section */
		A2D43E472C190A0900C3F21F /* Project object */ = {
			isa = PBXProject;
			attributes = {
				BuildIndependentTargetsInParallel = 1;
				LastSwiftUpdateCheck = 1600;
				LastUpgradeCheck = 1600;
				TargetAttributes = {
					A20E15F92C1F5C3300AF9DA4 = {
						CreatedOnToolsVersion = 16.0;
					};
					A2D43E4E2C190A0900C3F21F = {
						CreatedOnToolsVersion = 16.0;
					};
					A2E555F92CD11E9800A9F4FC = {
						CreatedOnToolsVersion = 16.0;
					};
				};
			};
			buildConfigurationList = A2D43E4A2C190A0900C3F21F /* Build configuration list for PBXProject "Quran" */;
			compatibilityVersion = "Xcode 15.0";
			developmentRegion = en;
			hasScannedForEncodings = 0;
			knownRegions = (
				en,
				Base,
			);
			mainGroup = A2D43E462C190A0900C3F21F;
			packageReferences = (
				A227E79E2CC8342800275DA9 /* XCRemoteSwiftPackageReference "Swift-SMTP" */,
				A227E7A12CC8345100275DA9 /* XCRemoteSwiftPackageReference "firebase-ios-sdk" */,
				A227E7AA2CC8346500275DA9 /* XCRemoteSwiftPackageReference "MediaPicker" */,
				A227E7AD2CC8346F00275DA9 /* XCRemoteSwiftPackageReference "WStack" */,
				A227E7B02CC8349700275DA9 /* XCRemoteSwiftPackageReference "stripe-ios" */,
				A227E7B72CC834A200275DA9 /* XCRemoteSwiftPackageReference "iCalendarParser" */,
				A227E7BA2CC834AF00275DA9 /* XCRemoteSwiftPackageReference "SDWebImageSwiftUI" */,
				A227E7BD2CC834BF00275DA9 /* XCRemoteSwiftPackageReference "SwiftyCrop" */,
				A227E7C02CC834CE00275DA9 /* XCRemoteSwiftPackageReference "SwiftSoup" */,
				A227E7C32CC834E600275DA9 /* XCRemoteSwiftPackageReference "Alamofire" */,
			);
			productRefGroup = A2D43E502C190A0900C3F21F /* Products */;
			projectDirPath = "";
			projectRoot = "";
			targets = (
				A2D43E4E2C190A0900C3F21F /* Quran */,
				A20E15F92C1F5C3300AF9DA4 /* QuranWidgetExtension */,
				A2E555F92CD11E9800A9F4FC /* QuranTimerWidgetExtension */,
			);
		};
/* End PBXProject section */

/* Begin PBXResourcesBuildPhase section */
		A20E15F82C1F5C3300AF9DA4 /* Resources */ = {
			isa = PBXResourcesBuildPhase;
			buildActionMask = 2147483647;
			files = (
				A20E16062C1F5C3500AF9DA4 /* Assets.xcassets in Resources */,
				A23271672CC5D786006AFD44 /* GoogleService-Info.plist in Resources */,
			);
			runOnlyForDeploymentPostprocessing = 0;
		};
		A2D43E4D2C190A0900C3F21F /* Resources */ = {
			isa = PBXResourcesBuildPhase;
			buildActionMask = 2147483647;
			files = (
				A2D43E5A2C190A0A00C3F21F /* Preview Assets.xcassets in Resources */,
				A2DC615D2C1A650400E73390 /* Quran.json in Resources */,
				A2C781562C3168CC007DAFD3 /* GoogleService-Info.plist in Resources */,
				A2CEA4E82C3B174600D59BF8 /* Adhan.wav in Resources */,
				A220AC962C49D6C30052F245 /* Ziaraah.json in Resources */,
				A2C74A482C4B68EB00D353FC /* Amaals.json in Resources */,
				A2975CEE2C1CBDAC005FA616 /* Duas.json in Resources */,
				A26C56952C8143AD00A5D262 /* Safar.mp3 in Resources */,
				A2D43E572C190A0A00C3F21F /* Assets.xcassets in Resources */,
				A2A9C87E2C492F3100F114FD /* Reciters.json in Resources */,
				A231ACE92C4322ED00DA54F2 /* (null) in Resources */,
				A27818CA2C50836D00A80D53 /* ImportantDates.json in Resources */,
				A2A9C8802C49301800F114FD /* Translators.json in Resources */,
				A2A9C8872C49311700F114FD /* Asr.mp3 in Resources */,
				A25515072C4C28C500554784 /* Jummah.mp3 in Resources */,
				A27D1D0F2C4D7840007E6F59 /* Allahumma Kunle.mp3 in Resources */,
				A2A9C8882C49311700F114FD /* Fajr.mp3 in Resources */,
				A2A9C8892C49311700F114FD /* Maghrib.mp3 in Resources */,
				A2989FC72CC32BDB000B6321 /* KFGQPC-Uthmanic-Script-HAFS-Regular.otf in Resources */,
				A2A9C88A2C49311700F114FD /* Zuhr.mp3 in Resources */,
				A2A9C88B2C49311700F114FD /* Isha.mp3 in Resources */,
				A2A9C88C2C49311700F114FD /* LICENSE in Resources */,
			);
			runOnlyForDeploymentPostprocessing = 0;
		};
		A2E555F82CD11E9800A9F4FC /* Resources */ = {
			isa = PBXResourcesBuildPhase;
			buildActionMask = 2147483647;
			files = (
				A2E556052CD11E9C00A9F4FC /* Assets.xcassets in Resources */,
			);
			runOnlyForDeploymentPostprocessing = 0;
		};
/* End PBXResourcesBuildPhase section */

/* Begin PBXSourcesBuildPhase section */
		A20E15F62C1F5C3300AF9DA4 /* Sources */ = {
			isa = PBXSourcesBuildPhase;
			buildActionMask = 2147483647;
			files = (
				A20E160F2C1F5FC200AF9DA4 /* PrayerTimesModel.swift in Sources */,
				A20E16022C1F5C3300AF9DA4 /* QuranWidgetBundle.swift in Sources */,
				A20E16042C1F5C3300AF9DA4 /* PrayerTimesWidget.swift in Sources */,
				A2C497F62CC69E4200932178 /* StreakWidget.swift in Sources */,
				A2C497FB2CC6B21500932178 /* UserDefaults.swift in Sources */,
				A23271582CC59C18006AFD44 /* QuranApp.xcdatamodeld in Sources */,
				A23271562CC59964006AFD44 /* Persistence.swift in Sources */,
				A23271532CC59096006AFD44 /* QuranTimeWidget.swift in Sources */,
			);
			runOnlyForDeploymentPostprocessing = 0;
		};
		A2D43E4B2C190A0900C3F21F /* Sources */ = {
			isa = PBXSourcesBuildPhase;
			buildActionMask = 2147483647;
			files = (
				A2ED6C5B2C8892AD002183EC /* MadrassahModel.swift in Sources */,
				A2ED6C592C87E6F9002183EC /* MadrassahView.swift in Sources */,
				A2C781612C316A6D007DAFD3 /* AuthenticationModel.swift in Sources */,
				A26A351B2C1DF96700C60561 /* PrayerTimesView.swift in Sources */,
				A230CE5F2C1C8F32002DC576 /* QuranView.swift in Sources */,
				A2C781642C316F2B007DAFD3 /* SettingsView.swift in Sources */,
				A2ED6C772C88F3A4002183EC /* Assignment.swift in Sources */,
				A2ED6C5F2C88A1C0002183EC /* LinkMadrassahAccountView.swift in Sources */,
				A2ED6C682C88EF62002183EC /* AssignmentsView.swift in Sources */,
				A25515042C4BFB1000554784 /* CalendarView.swift in Sources */,
				A2CEA4E62C3A08D900D59BF8 /* AppDelegate.swift in Sources */,
				A2ED6C702C88F35B002183EC /* AssignmentsModel.swift in Sources */,
				A2CEA4DF2C385F4D00D59BF8 /* AddBookmarkView.swift in Sources */,
				A2ED6C6E2C88F343002183EC /* DiscussionModel.swift in Sources */,
				A266AC5F2C335FFC0058156B /* QuestionsView.swift in Sources */,
				A2D43E552C190A0900C3F21F /* SurahView.swift in Sources */,
				A2ED6C7B2C8BB48D002183EC /* FilePreviewController.swift in Sources */,
				A2744C1E2C4ACA0500411882 /* EventsView.swift in Sources */,
				A2744C1F2C4ACA0500411882 /* EventView.swift in Sources */,
				A2ED6C792C88F3CE002183EC /* Resource.swift in Sources */,
				A2FD25BE2C1EEBF9003785CF /* QuranApp.xcdatamodeld in Sources */,
				A220AC9A2C49D7100052F245 /* Ziyarat.swift in Sources */,
				A2274B462C52A76B003537EA /* SearchBar.swift in Sources */,
				A2ED6C662C88EF58002183EC /* DiscussionView.swift in Sources */,
				A23C6B8B2C35A88800F67DDA /* QuestionCard.swift in Sources */,
				A2C706AD2C4F036A008FF0C3 /* BookmarkedVerseCard.swift in Sources */,
				A2C706AE2C4F036A008FF0C3 /* BookmarkedFoldersView.swift in Sources */,
				A2C706AF2C4F036A008FF0C3 /* BookmarkedVersesView.swift in Sources */,
				A2E5560F2CD11F1E00A9F4FC /* QuranTimerAttributes.swift in Sources */,
				A2A9C87C2C492E9800F114FD /* AudioPlayer.swift in Sources */,
				A2A9C8762C492CF200F114FD /* Reciter.swift in Sources */,
				A289AA642C4AC6850051C8CC /* PaymentModel.swift in Sources */,
				A2A9C8772C492CF200F114FD /* Translator.swift in Sources */,
				A2C74A442C4B5F5F00D353FC /* AmaalView.swift in Sources */,
				A2975CF02C1CC414005FA616 /* Dua.swift in Sources */,
				A2A9C86F2C49290000F114FD /* DuaModel.swift in Sources */,
				A220ACA02C49D9110052F245 /* ZiyaratView.swift in Sources */,
				A2C497FA2CC6B1DB00932178 /* UserDefaults.swift in Sources */,
				A2D17CA32C92194900A2AF23 /* NewAssignmentView.swift in Sources */,
				A2C6EEC52C90F598006F615E /* TestView.swift in Sources */,
				A23E2AE82C51AFDD008C84E7 /* ImportantDate.swift in Sources */,
				A23271502CC554D6006AFD44 /* LifetimeView.swift in Sources */,
				A2C706B22C4F13C8008FF0C3 /* FavoritesView.swift in Sources */,
				A214A7122C34BB03000D12A5 /* QuestionDetailView.swift in Sources */,
				A2ED6C752C88F38E002183EC /* Discussion.swift in Sources */,
				A220AC982C49D6FF0052F245 /* ZiyaratModel.swift in Sources */,
				A2849E442C4E7FC2005C2B00 /* CalendarModel.swift in Sources */,
				A210DA6A2C8565800033701C /* UpdateEmailView.swift in Sources */,
				A2D43E632C190A8F00C3F21F /* Quran.swift in Sources */,
				A2C497FE2CC6DCD200932178 /* StreakView.swift in Sources */,
				A2522F492C834BDE0020850E /* TasbeehView.swift in Sources */,
				A2975CF82C1CC898005FA616 /* RootView.swift in Sources */,
				A2522F452C8346430020850E /* LocationManager.swift in Sources */,
				A2ED6C562C86CD11002183EC /* EmailCodeView.swift in Sources */,
				A2C6EEC72C90F8A7006F615E /* TestQuestionView.swift in Sources */,
				A266AC5B2C335E590058156B /* QuestionsModel.swift in Sources */,
				A2ED6C612C88B077002183EC /* AddClassView.swift in Sources */,
				A266AC5D2C335EBE0058156B /* Question.swift in Sources */,
				A210DA6E2C8566710033701C /* DeleteAccountView.swift in Sources */,
				A2CEA4E32C39A39100D59BF8 /* NotificationManager.swift in Sources */,
				A2FD25BA2C1EEB9A003785CF /* Persistence.swift in Sources */,
				A2522F472C8346770020850E /* QiblaFinder.swift in Sources */,
				A2ED6C722C88F370002183EC /* ResourcesModel.swift in Sources */,
				A2975CF42C1CC4AF005FA616 /* DuaView.swift in Sources */,
				A2C273D92C4AA9E700815AC8 /* DonationsView.swift in Sources */,
				A210DA652C852C7E0033701C /* Ibadah.swift in Sources */,
				A232714E2CC554CD006AFD44 /* WeeklyView.swift in Sources */,
				A210DA092C8496220033701C /* NextPrayerView.swift in Sources */,
				A2C497F42CC69CD200932178 /* StreakInfo.swift in Sources */,
				A266AC592C3357C20058156B /* NewQuestionView.swift in Sources */,
				A2C74A4C2C4B693D00D353FC /* AmaalModel.swift in Sources */,
				A2358C512C5019C0008D6BFA /* SocialsView.swift in Sources */,
				A2A9C8712C49291A00F114FD /* EventsModel.swift in Sources */,
				A2ED6C842C8E4C6D002183EC /* AssignmentView.swift in Sources */,
				A2ED6C6A2C88EF6B002183EC /* ResourcesView.swift in Sources */,
				A232714A2CC4233C006AFD44 /* QuranTimeView.swift in Sources */,
				A210DA632C852C100033701C /* IbadatView.swift in Sources */,
				A2C74A4A2C4B692100D353FC /* Amaal.swift in Sources */,
				A2ED6C5D2C8892C5002183EC /* Madrassah.swift in Sources */,
				A2D43E532C190A0900C3F21F /* QuranApp.swift in Sources */,
				A210DA6C2C85666A0033701C /* UpdatePasswordView.swift in Sources */,
				A2E4E3C12C1DF174007D28A4 /* PrayerTimesModel.swift in Sources */,
				A2ED6C802C8DCFF6002183EC /* ProfileDetailView.swift in Sources */,
				A210DA682C855D1F0033701C /* ReauthenticateView.swift in Sources */,
				A2D43E652C190AF200C3F21F /* QuranModel.swift in Sources */,
				A2ED6C7D2C8CB74E002183EC /* ImagePicker.swift in Sources */,
				A23C6B8D2C35ABEB00F67DDA /* UserProfileSection.swift in Sources */,
				A2ED6C632C88C5F0002183EC /* ClassView.swift in Sources */,
			);
			runOnlyForDeploymentPostprocessing = 0;
		};
		A2E555F62CD11E9800A9F4FC /* Sources */ = {
			isa = PBXSourcesBuildPhase;
			buildActionMask = 2147483647;
			files = (
				A2E5560E2CD11F1E00A9F4FC /* QuranTimerAttributes.swift in Sources */,
				A2E556102CD1203800A9F4FC /* UserDefaults.swift in Sources */,
				A2E555FF2CD11E9A00A9F4FC /* QuranTimerWidgetLiveActivity.swift in Sources */,
				A2E556012CD11E9A00A9F4FC /* QuranTimerWidgetBundle.swift in Sources */,
			);
			runOnlyForDeploymentPostprocessing = 0;
		};
/* End PBXSourcesBuildPhase section */

/* Begin PBXTargetDependency section */
		A210DA5B2C850A160033701C /* PBXTargetDependency */ = {
			isa = PBXTargetDependency;
			target = A20E15F92C1F5C3300AF9DA4 /* QuranWidgetExtension */;
			targetProxy = A210DA5A2C850A160033701C /* PBXContainerItemProxy */;
		};
		A2E556082CD11E9C00A9F4FC /* PBXTargetDependency */ = {
			isa = PBXTargetDependency;
			target = A2E555F92CD11E9800A9F4FC /* QuranTimerWidgetExtension */;
			targetProxy = A2E556072CD11E9C00A9F4FC /* PBXContainerItemProxy */;
		};
/* End PBXTargetDependency section */

/* Begin XCBuildConfiguration section */
		A20E160C2C1F5C3600AF9DA4 /* Debug */ = {
			isa = XCBuildConfiguration;
			buildSettings = {
				ASSETCATALOG_COMPILER_GLOBAL_ACCENT_COLOR_NAME = AccentColor;
				ASSETCATALOG_COMPILER_WIDGET_BACKGROUND_COLOR_NAME = WidgetBackground;
				CODE_SIGN_ENTITLEMENTS = QuranWidgetExtension.entitlements;
				CODE_SIGN_STYLE = Automatic;
				CURRENT_PROJECT_VERSION = 1;
				DEVELOPMENT_TEAM = 3CS5B84X2T;
				GENERATE_INFOPLIST_FILE = YES;
				INFOPLIST_FILE = QuranWidget/Info.plist;
				INFOPLIST_KEY_CFBundleDisplayName = QuranWidget;
				INFOPLIST_KEY_NSHumanReadableCopyright = "";
				IPHONEOS_DEPLOYMENT_TARGET = 17.0;
				LD_RUNPATH_SEARCH_PATHS = (
					"$(inherited)",
					"@executable_path/Frameworks",
					"@executable_path/../../Frameworks",
				);
				MARKETING_VERSION = 1.0;
				PRODUCT_BUNDLE_IDENTIFIER = com.Ali.Quran.QuranWidget;
				PRODUCT_NAME = "$(TARGET_NAME)";
				SKIP_INSTALL = YES;
				SWIFT_EMIT_LOC_STRINGS = YES;
				SWIFT_VERSION = 5.0;
				TARGETED_DEVICE_FAMILY = "1,2";
			};
			name = Debug;
		};
		A20E160D2C1F5C3600AF9DA4 /* Release */ = {
			isa = XCBuildConfiguration;
			buildSettings = {
				ASSETCATALOG_COMPILER_GLOBAL_ACCENT_COLOR_NAME = AccentColor;
				ASSETCATALOG_COMPILER_WIDGET_BACKGROUND_COLOR_NAME = WidgetBackground;
				CODE_SIGN_ENTITLEMENTS = QuranWidgetExtension.entitlements;
				CODE_SIGN_STYLE = Automatic;
				CURRENT_PROJECT_VERSION = 1;
				DEVELOPMENT_TEAM = 3CS5B84X2T;
				GENERATE_INFOPLIST_FILE = YES;
				INFOPLIST_FILE = QuranWidget/Info.plist;
				INFOPLIST_KEY_CFBundleDisplayName = QuranWidget;
				INFOPLIST_KEY_NSHumanReadableCopyright = "";
				IPHONEOS_DEPLOYMENT_TARGET = 17.0;
				LD_RUNPATH_SEARCH_PATHS = (
					"$(inherited)",
					"@executable_path/Frameworks",
					"@executable_path/../../Frameworks",
				);
				MARKETING_VERSION = 1.0;
				PRODUCT_BUNDLE_IDENTIFIER = com.Ali.Quran.QuranWidget;
				PRODUCT_NAME = "$(TARGET_NAME)";
				SKIP_INSTALL = YES;
				SWIFT_EMIT_LOC_STRINGS = YES;
				SWIFT_VERSION = 5.0;
				TARGETED_DEVICE_FAMILY = "1,2";
			};
			name = Release;
		};
		A2D43E5B2C190A0A00C3F21F /* Debug */ = {
			isa = XCBuildConfiguration;
			buildSettings = {
				ALWAYS_SEARCH_USER_PATHS = NO;
				ASSETCATALOG_COMPILER_GENERATE_SWIFT_ASSET_SYMBOL_EXTENSIONS = YES;
				CLANG_ANALYZER_NONNULL = YES;
				CLANG_ANALYZER_NUMBER_OBJECT_CONVERSION = YES_AGGRESSIVE;
				CLANG_CXX_LANGUAGE_STANDARD = "gnu++20";
				CLANG_ENABLE_MODULES = YES;
				CLANG_ENABLE_OBJC_ARC = YES;
				CLANG_ENABLE_OBJC_WEAK = YES;
				CLANG_WARN_BLOCK_CAPTURE_AUTORELEASING = YES;
				CLANG_WARN_BOOL_CONVERSION = YES;
				CLANG_WARN_COMMA = YES;
				CLANG_WARN_CONSTANT_CONVERSION = YES;
				CLANG_WARN_DEPRECATED_OBJC_IMPLEMENTATIONS = YES;
				CLANG_WARN_DIRECT_OBJC_ISA_USAGE = YES_ERROR;
				CLANG_WARN_DOCUMENTATION_COMMENTS = YES;
				CLANG_WARN_EMPTY_BODY = YES;
				CLANG_WARN_ENUM_CONVERSION = YES;
				CLANG_WARN_INFINITE_RECURSION = YES;
				CLANG_WARN_INT_CONVERSION = YES;
				CLANG_WARN_NON_LITERAL_NULL_CONVERSION = YES;
				CLANG_WARN_OBJC_IMPLICIT_RETAIN_SELF = YES;
				CLANG_WARN_OBJC_LITERAL_CONVERSION = YES;
				CLANG_WARN_OBJC_ROOT_CLASS = YES_ERROR;
				CLANG_WARN_QUOTED_INCLUDE_IN_FRAMEWORK_HEADER = YES;
				CLANG_WARN_RANGE_LOOP_ANALYSIS = YES;
				CLANG_WARN_STRICT_PROTOTYPES = YES;
				CLANG_WARN_SUSPICIOUS_MOVE = YES;
				CLANG_WARN_UNGUARDED_AVAILABILITY = YES_AGGRESSIVE;
				CLANG_WARN_UNREACHABLE_CODE = YES;
				CLANG_WARN__DUPLICATE_METHOD_MATCH = YES;
				COPY_PHASE_STRIP = NO;
				DEBUG_INFORMATION_FORMAT = dwarf;
				ENABLE_STRICT_OBJC_MSGSEND = YES;
				ENABLE_TESTABILITY = YES;
				ENABLE_USER_SCRIPT_SANDBOXING = YES;
				GCC_C_LANGUAGE_STANDARD = gnu17;
				GCC_DYNAMIC_NO_PIC = NO;
				GCC_NO_COMMON_BLOCKS = YES;
				GCC_OPTIMIZATION_LEVEL = 0;
				GCC_PREPROCESSOR_DEFINITIONS = (
					"DEBUG=1",
					"$(inherited)",
				);
				GCC_WARN_64_TO_32_BIT_CONVERSION = YES;
				GCC_WARN_ABOUT_RETURN_TYPE = YES_ERROR;
				GCC_WARN_UNDECLARED_SELECTOR = YES;
				GCC_WARN_UNINITIALIZED_AUTOS = YES_AGGRESSIVE;
				GCC_WARN_UNUSED_FUNCTION = YES;
				GCC_WARN_UNUSED_VARIABLE = YES;
				IPHONEOS_DEPLOYMENT_TARGET = 18.0;
				LOCALIZATION_PREFERS_STRING_CATALOGS = YES;
				MTL_ENABLE_DEBUG_INFO = INCLUDE_SOURCE;
				MTL_FAST_MATH = YES;
				ONLY_ACTIVE_ARCH = YES;
				SDKROOT = iphoneos;
				SWIFT_ACTIVE_COMPILATION_CONDITIONS = "DEBUG $(inherited)";
				SWIFT_OPTIMIZATION_LEVEL = "-Onone";
			};
			name = Debug;
		};
		A2D43E5C2C190A0A00C3F21F /* Release */ = {
			isa = XCBuildConfiguration;
			buildSettings = {
				ALWAYS_SEARCH_USER_PATHS = NO;
				ASSETCATALOG_COMPILER_GENERATE_SWIFT_ASSET_SYMBOL_EXTENSIONS = YES;
				CLANG_ANALYZER_NONNULL = YES;
				CLANG_ANALYZER_NUMBER_OBJECT_CONVERSION = YES_AGGRESSIVE;
				CLANG_CXX_LANGUAGE_STANDARD = "gnu++20";
				CLANG_ENABLE_MODULES = YES;
				CLANG_ENABLE_OBJC_ARC = YES;
				CLANG_ENABLE_OBJC_WEAK = YES;
				CLANG_WARN_BLOCK_CAPTURE_AUTORELEASING = YES;
				CLANG_WARN_BOOL_CONVERSION = YES;
				CLANG_WARN_COMMA = YES;
				CLANG_WARN_CONSTANT_CONVERSION = YES;
				CLANG_WARN_DEPRECATED_OBJC_IMPLEMENTATIONS = YES;
				CLANG_WARN_DIRECT_OBJC_ISA_USAGE = YES_ERROR;
				CLANG_WARN_DOCUMENTATION_COMMENTS = YES;
				CLANG_WARN_EMPTY_BODY = YES;
				CLANG_WARN_ENUM_CONVERSION = YES;
				CLANG_WARN_INFINITE_RECURSION = YES;
				CLANG_WARN_INT_CONVERSION = YES;
				CLANG_WARN_NON_LITERAL_NULL_CONVERSION = YES;
				CLANG_WARN_OBJC_IMPLICIT_RETAIN_SELF = YES;
				CLANG_WARN_OBJC_LITERAL_CONVERSION = YES;
				CLANG_WARN_OBJC_ROOT_CLASS = YES_ERROR;
				CLANG_WARN_QUOTED_INCLUDE_IN_FRAMEWORK_HEADER = YES;
				CLANG_WARN_RANGE_LOOP_ANALYSIS = YES;
				CLANG_WARN_STRICT_PROTOTYPES = YES;
				CLANG_WARN_SUSPICIOUS_MOVE = YES;
				CLANG_WARN_UNGUARDED_AVAILABILITY = YES_AGGRESSIVE;
				CLANG_WARN_UNREACHABLE_CODE = YES;
				CLANG_WARN__DUPLICATE_METHOD_MATCH = YES;
				COPY_PHASE_STRIP = NO;
				DEBUG_INFORMATION_FORMAT = "dwarf-with-dsym";
				ENABLE_NS_ASSERTIONS = NO;
				ENABLE_STRICT_OBJC_MSGSEND = YES;
				ENABLE_USER_SCRIPT_SANDBOXING = YES;
				GCC_C_LANGUAGE_STANDARD = gnu17;
				GCC_NO_COMMON_BLOCKS = YES;
				GCC_WARN_64_TO_32_BIT_CONVERSION = YES;
				GCC_WARN_ABOUT_RETURN_TYPE = YES_ERROR;
				GCC_WARN_UNDECLARED_SELECTOR = YES;
				GCC_WARN_UNINITIALIZED_AUTOS = YES_AGGRESSIVE;
				GCC_WARN_UNUSED_FUNCTION = YES;
				GCC_WARN_UNUSED_VARIABLE = YES;
				IPHONEOS_DEPLOYMENT_TARGET = 18.0;
				LOCALIZATION_PREFERS_STRING_CATALOGS = YES;
				MTL_ENABLE_DEBUG_INFO = NO;
				MTL_FAST_MATH = YES;
				SDKROOT = iphoneos;
				SWIFT_COMPILATION_MODE = wholemodule;
				VALIDATE_PRODUCT = YES;
			};
			name = Release;
		};
		A2D43E5E2C190A0A00C3F21F /* Debug */ = {
			isa = XCBuildConfiguration;
			buildSettings = {
				ASSETCATALOG_COMPILER_APPICON_NAME = AppIcon;
				ASSETCATALOG_COMPILER_GLOBAL_ACCENT_COLOR_NAME = AccentColor;
				CODE_SIGN_ENTITLEMENTS = Quran/Quran.entitlements;
				CODE_SIGN_STYLE = Automatic;
				CURRENT_PROJECT_VERSION = 1;
				DEVELOPMENT_ASSET_PATHS = "\"Quran/Preview Content\"";
				DEVELOPMENT_TEAM = 3CS5B84X2T;
				ENABLE_PREVIEWS = YES;
				GENERATE_INFOPLIST_FILE = YES;
				INFOPLIST_FILE = Quran/Info.plist;
				INFOPLIST_KEY_CFBundleDisplayName = Hyderi;
				INFOPLIST_KEY_LSSupportsOpeningDocumentsInPlace = YES;
				INFOPLIST_KEY_NSCameraUsageDescription = "To scan your card information to make donating even easier.";
				INFOPLIST_KEY_NSFaceIDUsageDescription = "To verify that it's really you when making donations or making changes to your account.";
				INFOPLIST_KEY_NSLocationWhenInUseUsageDescription = "To show the Qibla direction.";
				INFOPLIST_KEY_NSPhotoLibraryAddUsageDescription = "To save photos from discussions to your photo library.";
				INFOPLIST_KEY_NSPhotoLibraryUsageDescription = "To select photos from your phone to send in dicussions.";
				INFOPLIST_KEY_NSSupportsLiveActivities = YES;
				INFOPLIST_KEY_UIApplicationSceneManifest_Generation = YES;
				INFOPLIST_KEY_UIApplicationSupportsIndirectInputEvents = YES;
				INFOPLIST_KEY_UIStatusBarStyle = "";
				INFOPLIST_KEY_UISupportedInterfaceOrientations = "UIInterfaceOrientationLandscapeLeft UIInterfaceOrientationLandscapeRight UIInterfaceOrientationPortrait";
				INFOPLIST_KEY_UISupportedInterfaceOrientations_iPad = "UIInterfaceOrientationLandscapeLeft UIInterfaceOrientationLandscapeRight UIInterfaceOrientationPortrait UIInterfaceOrientationPortraitUpsideDown";
				IPHONEOS_DEPLOYMENT_TARGET = 17.0;
				LD_RUNPATH_SEARCH_PATHS = (
					"$(inherited)",
					"@executable_path/Frameworks",
				);
				MARKETING_VERSION = 1.0;
				PRODUCT_BUNDLE_IDENTIFIER = com.Ali.Quran;
				PRODUCT_NAME = "$(TARGET_NAME)";
				SWIFT_EMIT_LOC_STRINGS = YES;
				SWIFT_VERSION = 5.0;
				TARGETED_DEVICE_FAMILY = "1,2";
			};
			name = Debug;
		};
		A2D43E5F2C190A0A00C3F21F /* Release */ = {
			isa = XCBuildConfiguration;
			buildSettings = {
				ASSETCATALOG_COMPILER_APPICON_NAME = AppIcon;
				ASSETCATALOG_COMPILER_GLOBAL_ACCENT_COLOR_NAME = AccentColor;
				CODE_SIGN_ENTITLEMENTS = Quran/Quran.entitlements;
				CODE_SIGN_STYLE = Automatic;
				CURRENT_PROJECT_VERSION = 1;
				DEVELOPMENT_ASSET_PATHS = "\"Quran/Preview Content\"";
				DEVELOPMENT_TEAM = 3CS5B84X2T;
				ENABLE_PREVIEWS = YES;
				GENERATE_INFOPLIST_FILE = YES;
				INFOPLIST_FILE = Quran/Info.plist;
				INFOPLIST_KEY_CFBundleDisplayName = Hyderi;
				INFOPLIST_KEY_LSSupportsOpeningDocumentsInPlace = YES;
				INFOPLIST_KEY_NSCameraUsageDescription = "To scan your card information to make donating even easier.";
				INFOPLIST_KEY_NSFaceIDUsageDescription = "To verify that it's really you when making donations or making changes to your account.";
				INFOPLIST_KEY_NSLocationWhenInUseUsageDescription = "To show the Qibla direction.";
				INFOPLIST_KEY_NSPhotoLibraryAddUsageDescription = "To save photos from discussions to your photo library.";
				INFOPLIST_KEY_NSPhotoLibraryUsageDescription = "To select photos from your phone to send in dicussions.";
				INFOPLIST_KEY_NSSupportsLiveActivities = YES;
				INFOPLIST_KEY_UIApplicationSceneManifest_Generation = YES;
				INFOPLIST_KEY_UIApplicationSupportsIndirectInputEvents = YES;
				INFOPLIST_KEY_UIStatusBarStyle = "";
				INFOPLIST_KEY_UISupportedInterfaceOrientations = "UIInterfaceOrientationLandscapeLeft UIInterfaceOrientationLandscapeRight UIInterfaceOrientationPortrait";
				INFOPLIST_KEY_UISupportedInterfaceOrientations_iPad = "UIInterfaceOrientationLandscapeLeft UIInterfaceOrientationLandscapeRight UIInterfaceOrientationPortrait UIInterfaceOrientationPortraitUpsideDown";
				IPHONEOS_DEPLOYMENT_TARGET = 17.0;
				LD_RUNPATH_SEARCH_PATHS = (
					"$(inherited)",
					"@executable_path/Frameworks",
				);
				MARKETING_VERSION = 1.0;
				PRODUCT_BUNDLE_IDENTIFIER = com.Ali.Quran;
				PRODUCT_NAME = "$(TARGET_NAME)";
				SWIFT_EMIT_LOC_STRINGS = YES;
				SWIFT_VERSION = 5.0;
				TARGETED_DEVICE_FAMILY = "1,2";
			};
			name = Release;
		};
		A2E5560A2CD11E9C00A9F4FC /* Debug */ = {
			isa = XCBuildConfiguration;
			buildSettings = {
				ASSETCATALOG_COMPILER_GLOBAL_ACCENT_COLOR_NAME = AccentColor;
				ASSETCATALOG_COMPILER_WIDGET_BACKGROUND_COLOR_NAME = WidgetBackground;
				CODE_SIGN_ENTITLEMENTS = QuranTimerWidgetExtension.entitlements;
				CODE_SIGN_STYLE = Automatic;
				CURRENT_PROJECT_VERSION = 1;
				DEVELOPMENT_TEAM = 3CS5B84X2T;
				GENERATE_INFOPLIST_FILE = YES;
				INFOPLIST_FILE = QuranTimerWidget/Info.plist;
				INFOPLIST_KEY_CFBundleDisplayName = QuranTimerWidget;
				INFOPLIST_KEY_NSHumanReadableCopyright = "";
				LD_RUNPATH_SEARCH_PATHS = (
					"$(inherited)",
					"@executable_path/Frameworks",
					"@executable_path/../../Frameworks",
				);
				MARKETING_VERSION = 1.0;
				PRODUCT_BUNDLE_IDENTIFIER = com.Ali.Quran.QuranTimerWidget;
				PRODUCT_NAME = "$(TARGET_NAME)";
				SKIP_INSTALL = YES;
				SWIFT_EMIT_LOC_STRINGS = YES;
				SWIFT_VERSION = 5.0;
				TARGETED_DEVICE_FAMILY = "1,2";
			};
			name = Debug;
		};
		A2E5560B2CD11E9C00A9F4FC /* Release */ = {
			isa = XCBuildConfiguration;
			buildSettings = {
				ASSETCATALOG_COMPILER_GLOBAL_ACCENT_COLOR_NAME = AccentColor;
				ASSETCATALOG_COMPILER_WIDGET_BACKGROUND_COLOR_NAME = WidgetBackground;
				CODE_SIGN_ENTITLEMENTS = QuranTimerWidgetExtension.entitlements;
				CODE_SIGN_STYLE = Automatic;
				CURRENT_PROJECT_VERSION = 1;
				DEVELOPMENT_TEAM = 3CS5B84X2T;
				GENERATE_INFOPLIST_FILE = YES;
				INFOPLIST_FILE = QuranTimerWidget/Info.plist;
				INFOPLIST_KEY_CFBundleDisplayName = QuranTimerWidget;
				INFOPLIST_KEY_NSHumanReadableCopyright = "";
				LD_RUNPATH_SEARCH_PATHS = (
					"$(inherited)",
					"@executable_path/Frameworks",
					"@executable_path/../../Frameworks",
				);
				MARKETING_VERSION = 1.0;
				PRODUCT_BUNDLE_IDENTIFIER = com.Ali.Quran.QuranTimerWidget;
				PRODUCT_NAME = "$(TARGET_NAME)";
				SKIP_INSTALL = YES;
				SWIFT_EMIT_LOC_STRINGS = YES;
				SWIFT_VERSION = 5.0;
				TARGETED_DEVICE_FAMILY = "1,2";
			};
			name = Release;
		};
/* End XCBuildConfiguration section */

/* Begin XCConfigurationList section */
		A20E160B2C1F5C3500AF9DA4 /* Build configuration list for PBXNativeTarget "QuranWidgetExtension" */ = {
			isa = XCConfigurationList;
			buildConfigurations = (
				A20E160C2C1F5C3600AF9DA4 /* Debug */,
				A20E160D2C1F5C3600AF9DA4 /* Release */,
			);
			defaultConfigurationIsVisible = 0;
			defaultConfigurationName = Release;
		};
		A2D43E4A2C190A0900C3F21F /* Build configuration list for PBXProject "Quran" */ = {
			isa = XCConfigurationList;
			buildConfigurations = (
				A2D43E5B2C190A0A00C3F21F /* Debug */,
				A2D43E5C2C190A0A00C3F21F /* Release */,
			);
			defaultConfigurationIsVisible = 0;
			defaultConfigurationName = Release;
		};
		A2D43E5D2C190A0A00C3F21F /* Build configuration list for PBXNativeTarget "Quran" */ = {
			isa = XCConfigurationList;
			buildConfigurations = (
				A2D43E5E2C190A0A00C3F21F /* Debug */,
				A2D43E5F2C190A0A00C3F21F /* Release */,
			);
			defaultConfigurationIsVisible = 0;
			defaultConfigurationName = Release;
		};
		A2E5560C2CD11E9C00A9F4FC /* Build configuration list for PBXNativeTarget "QuranTimerWidgetExtension" */ = {
			isa = XCConfigurationList;
			buildConfigurations = (
				A2E5560A2CD11E9C00A9F4FC /* Debug */,
				A2E5560B2CD11E9C00A9F4FC /* Release */,
			);
			defaultConfigurationIsVisible = 0;
			defaultConfigurationName = Release;
		};
/* End XCConfigurationList section */

/* Begin XCRemoteSwiftPackageReference section */
		A227E79E2CC8342800275DA9 /* XCRemoteSwiftPackageReference "Swift-SMTP" */ = {
			isa = XCRemoteSwiftPackageReference;
			repositoryURL = "https://github.com/Kitura/Swift-SMTP.git";
			requirement = {
				kind = upToNextMajorVersion;
				minimumVersion = 6.0.0;
			};
		};
		A227E7A12CC8345100275DA9 /* XCRemoteSwiftPackageReference "firebase-ios-sdk" */ = {
			isa = XCRemoteSwiftPackageReference;
			repositoryURL = "https://github.com/firebase/firebase-ios-sdk.git";
			requirement = {
				kind = upToNextMajorVersion;
				minimumVersion = 11.4.0;
			};
		};
		A227E7AA2CC8346500275DA9 /* XCRemoteSwiftPackageReference "MediaPicker" */ = {
			isa = XCRemoteSwiftPackageReference;
			repositoryURL = "https://github.com/exyte/MediaPicker.git";
			requirement = {
				kind = upToNextMajorVersion;
				minimumVersion = 2.2.3;
			};
		};
		A227E7AD2CC8346F00275DA9 /* XCRemoteSwiftPackageReference "WStack" */ = {
			isa = XCRemoteSwiftPackageReference;
			repositoryURL = "https://github.com/winkitee/WStack.git";
			requirement = {
				branch = main;
				kind = branch;
			};
		};
		A227E7B02CC8349700275DA9 /* XCRemoteSwiftPackageReference "stripe-ios" */ = {
			isa = XCRemoteSwiftPackageReference;
			repositoryURL = "https://github.com/stripe/stripe-ios.git";
			requirement = {
				kind = upToNextMajorVersion;
				minimumVersion = 23.32.0;
			};
		};
		A227E7B72CC834A200275DA9 /* XCRemoteSwiftPackageReference "iCalendarParser" */ = {
			isa = XCRemoteSwiftPackageReference;
			repositoryURL = "https://github.com/dmail-me/iCalendarParser.git";
			requirement = {
				kind = upToNextMajorVersion;
				minimumVersion = 0.2.0;
			};
		};
		A227E7BA2CC834AF00275DA9 /* XCRemoteSwiftPackageReference "SDWebImageSwiftUI" */ = {
			isa = XCRemoteSwiftPackageReference;
			repositoryURL = "https://github.com/SDWebImage/SDWebImageSwiftUI.git";
			requirement = {
				kind = upToNextMajorVersion;
				minimumVersion = 3.1.2;
			};
		};
		A227E7BD2CC834BF00275DA9 /* XCRemoteSwiftPackageReference "SwiftyCrop" */ = {
			isa = XCRemoteSwiftPackageReference;
			repositoryURL = "https://github.com/benedom/SwiftyCrop.git";
			requirement = {
				branch = master;
				kind = branch;
			};
		};
		A227E7C02CC834CE00275DA9 /* XCRemoteSwiftPackageReference "SwiftSoup" */ = {
			isa = XCRemoteSwiftPackageReference;
			repositoryURL = "https://github.com/scinfu/SwiftSoup.git";
			requirement = {
				kind = upToNextMajorVersion;
				minimumVersion = 2.7.5;
			};
		};
		A227E7C32CC834E600275DA9 /* XCRemoteSwiftPackageReference "Alamofire" */ = {
			isa = XCRemoteSwiftPackageReference;
			repositoryURL = "https://github.com/Alamofire/Alamofire.git";
			requirement = {
				kind = upToNextMajorVersion;
				minimumVersion = 5.10.1;
			};
		};
/* End XCRemoteSwiftPackageReference section */

/* Begin XCSwiftPackageProductDependency section */
		A227E79F2CC8342800275DA9 /* SwiftSMTP */ = {
			isa = XCSwiftPackageProductDependency;
			package = A227E79E2CC8342800275DA9 /* XCRemoteSwiftPackageReference "Swift-SMTP" */;
			productName = SwiftSMTP;
		};
		A227E7A22CC8345200275DA9 /* FirebaseAuth */ = {
			isa = XCSwiftPackageProductDependency;
			package = A227E7A12CC8345100275DA9 /* XCRemoteSwiftPackageReference "firebase-ios-sdk" */;
			productName = FirebaseAuth;
		};
		A227E7A42CC8345200275DA9 /* FirebaseFirestore */ = {
			isa = XCSwiftPackageProductDependency;
			package = A227E7A12CC8345100275DA9 /* XCRemoteSwiftPackageReference "firebase-ios-sdk" */;
			productName = FirebaseFirestore;
		};
		A227E7A62CC8345200275DA9 /* FirebaseStorage */ = {
			isa = XCSwiftPackageProductDependency;
			package = A227E7A12CC8345100275DA9 /* XCRemoteSwiftPackageReference "firebase-ios-sdk" */;
			productName = FirebaseStorage;
		};
		A227E7A82CC8345C00275DA9 /* FirebaseAuth */ = {
			isa = XCSwiftPackageProductDependency;
			package = A227E7A12CC8345100275DA9 /* XCRemoteSwiftPackageReference "firebase-ios-sdk" */;
			productName = FirebaseAuth;
		};
		A227E7AB2CC8346500275DA9 /* ExyteMediaPicker */ = {
			isa = XCSwiftPackageProductDependency;
			package = A227E7AA2CC8346500275DA9 /* XCRemoteSwiftPackageReference "MediaPicker" */;
			productName = ExyteMediaPicker;
		};
		A227E7AE2CC8346F00275DA9 /* WStack */ = {
			isa = XCSwiftPackageProductDependency;
			package = A227E7AD2CC8346F00275DA9 /* XCRemoteSwiftPackageReference "WStack" */;
			productName = WStack;
		};
		A227E7B12CC8349700275DA9 /* Stripe */ = {
			isa = XCSwiftPackageProductDependency;
			package = A227E7B02CC8349700275DA9 /* XCRemoteSwiftPackageReference "stripe-ios" */;
			productName = Stripe;
		};
		A227E7B32CC8349700275DA9 /* StripeCardScan */ = {
			isa = XCSwiftPackageProductDependency;
			package = A227E7B02CC8349700275DA9 /* XCRemoteSwiftPackageReference "stripe-ios" */;
			productName = StripeCardScan;
		};
		A227E7B52CC8349700275DA9 /* StripePaymentSheet */ = {
			isa = XCSwiftPackageProductDependency;
			package = A227E7B02CC8349700275DA9 /* XCRemoteSwiftPackageReference "stripe-ios" */;
			productName = StripePaymentSheet;
		};
		A227E7B82CC834A200275DA9 /* iCalendarParser */ = {
			isa = XCSwiftPackageProductDependency;
			package = A227E7B72CC834A200275DA9 /* XCRemoteSwiftPackageReference "iCalendarParser" */;
			productName = iCalendarParser;
		};
		A227E7BB2CC834AF00275DA9 /* SDWebImageSwiftUI */ = {
			isa = XCSwiftPackageProductDependency;
			package = A227E7BA2CC834AF00275DA9 /* XCRemoteSwiftPackageReference "SDWebImageSwiftUI" */;
			productName = SDWebImageSwiftUI;
		};
		A227E7BE2CC834BF00275DA9 /* SwiftyCrop */ = {
			isa = XCSwiftPackageProductDependency;
			package = A227E7BD2CC834BF00275DA9 /* XCRemoteSwiftPackageReference "SwiftyCrop" */;
			productName = SwiftyCrop;
		};
		A227E7C12CC834CE00275DA9 /* SwiftSoup */ = {
			isa = XCSwiftPackageProductDependency;
			package = A227E7C02CC834CE00275DA9 /* XCRemoteSwiftPackageReference "SwiftSoup" */;
			productName = SwiftSoup;
		};
		A227E7C42CC834E600275DA9 /* Alamofire */ = {
			isa = XCSwiftPackageProductDependency;
			package = A227E7C32CC834E600275DA9 /* XCRemoteSwiftPackageReference "Alamofire" */;
			productName = Alamofire;
		};
		A227E7C62CC834ED00275DA9 /* Alamofire */ = {
			isa = XCSwiftPackageProductDependency;
			package = A227E7C32CC834E600275DA9 /* XCRemoteSwiftPackageReference "Alamofire" */;
			productName = Alamofire;
		};
		A227E7C82CC834F300275DA9 /* SwiftSoup */ = {
			isa = XCSwiftPackageProductDependency;
			package = A227E7C02CC834CE00275DA9 /* XCRemoteSwiftPackageReference "SwiftSoup" */;
			productName = SwiftSoup;
		};
/* End XCSwiftPackageProductDependency section */

/* Begin XCVersionGroup section */
		A2FD25BC2C1EEBF9003785CF /* QuranApp.xcdatamodeld */ = {
			isa = XCVersionGroup;
			children = (
				A2FD25BD2C1EEBF9003785CF /* QuranApp.xcdatamodel */,
			);
			currentVersion = A2FD25BD2C1EEBF9003785CF /* QuranApp.xcdatamodel */;
			path = QuranApp.xcdatamodeld;
			sourceTree = "<group>";
			versionGroupType = wrapper.xcdatamodel;
		};
/* End XCVersionGroup section */
	};
	rootObject = A2D43E472C190A0900C3F21F /* Project object */;
}
